
Microsoft Visual Studio Solution File, Format Version 12.00
# Visual Studio 2013
VisualStudioVersion = 12.0.40629.0
MinimumVisualStudioVersion = 10.0.40219.1
Project("{FAE04EC0-301F-11D3-BF4B-00C04F79EFBC}") = "WebSite.1.0.0", "..\WebSite\1.0.0\WebSite.1.0.0.csproj", "{FA6E69C6-02FA-4CE9-B77E-C00DB7A12D58}"
EndProject
Project("{FAE04EC0-301F-11D3-BF4B-00C04F79EFBC}") = "Membership", "Membership\Membership.csproj", "{9A63480D-AE1B-485B-A813-9F0E50FD7BC7}"
EndProject
Project("{2150E333-8FDC-42A3-9474-1A3956D46DE8}") = "Kernel", "Kernel", "{842B5329-05E6-4856-A758-CE0543C19D0B}"
EndProject
Project("{FAE04EC0-301F-11D3-BF4B-00C04F79EFBC}") = "Apps", "..\Apps\Apps\Apps.csproj", "{A1F5A0D3-954F-4E7F-BB3A-59807805B0C0}"
EndProject
Project("{2150E333-8FDC-42A3-9474-1A3956D46DE8}") = "Apps", "Apps", "{D51FF688-ECC7-4AFC-BA0E-5127B9EE265D}"
EndProject
Project("{FAE04EC0-301F-11D3-BF4B-00C04F79EFBC}") = "Membership.Tests", "Membership.Tests\Membership.Tests.csproj", "{C0215779-5C42-4F53-8AB3-90F8B87B1069}"
EndProject
Project("{2150E333-8FDC-42A3-9474-1A3956D46DE8}") = "Membership", "Membership", "{BDB2C90C-4673-4536-9116-FAA505AF21D8}"
EndProject
Project("{FAE04EC0-301F-11D3-BF4B-00C04F79EFBC}") = "Abstractions", "..\Kernel\Abstractions\Abstractions.csproj", "{6E2DC2C0-C5F4-4B23-AB5F-A97E6FAB8FA5}"
EndProject
Project("{FAE04EC0-301F-11D3-BF4B-00C04F79EFBC}") = "Support", "..\Kernel\Support\Support.csproj", "{2F09FE39-F06B-4686-9FEF-33589C3F9625}"
EndProject
Project("{FAE04EC0-301F-11D3-BF4B-00C04F79EFBC}") = "Apps.Tests", "..\Apps\Apps.Tests\Apps.Tests.csproj", "{8B7AD1B1-7209-4CD2-8C75-5A4ED8601D9A}"
EndProject
Project("{2150E333-8FDC-42A3-9474-1A3956D46DE8}") = "Connect", "Connect", "{4E7EC637-836F-41F7-ADC9-0D8887E5C9B1}"
EndProject
Project("{FAE04EC0-301F-11D3-BF4B-00C04F79EFBC}") = "Connect", "..\Connect\Connect\Connect.csproj", "{706E4735-DB76-4359-8E2C-83AB42FC4720}"
EndProject
Project("{FAE04EC0-301F-11D3-BF4B-00C04F79EFBC}") = "Connect.Tests", "..\Connect\Connect.Tests\Connect.Tests.csproj", "{1F5AFC99-0364-4653-B93B-EF8A42729485}"
EndProject
Project("{2150E333-8FDC-42A3-9474-1A3956D46DE8}") = "Web", "Web", "{69ADA62F-1EEB-4A97-A035-90D5B6B0E9E3}"
EndProject
Project("{FAE04EC0-301F-11D3-BF4B-00C04F79EFBC}") = "Web", "..\Web\Web\Web.csproj", "{9CD9D5BA-DC38-44A9-81D8-2696AAA67E9C}"
EndProject
Project("{FAE04EC0-301F-11D3-BF4B-00C04F79EFBC}") = "AttachmentStorage", "..\AttachmentStorage\AttachmentStorage\AttachmentStorage.csproj", "{C7B42323-11A4-4F0C-8F5F-E9FB9DBE079C}"
EndProject
Project("{FAE04EC0-301F-11D3-BF4B-00C04F79EFBC}") = "AttachmentStorage.Tests", "..\AttachmentStorage\AttachmentStorage.Tests\AttachmentStorage.Tests.csproj", "{CC7D2EFB-1041-4832-9432-B345EDEDA07C}"
EndProject
Project("{2150E333-8FDC-42A3-9474-1A3956D46DE8}") = "AttachmentStorage", "AttachmentStorage", "{DEB209C7-2129-44F7-A282-9273F2A73F40}"
EndProject
Project("{FAE04EC0-301F-11D3-BF4B-00C04F79EFBC}") = "Support.Tests", "..\Kernel\Support.Tests\Support.Tests.csproj", "{27D2AA7C-2B8D-4653-8E14-7B82CE59CBFC}"
EndProject
Project("{FAE04EC0-301F-11D3-BF4B-00C04F79EFBC}") = "Web.APIs", "..\Web\Web.APIs\Web.APIs.csproj", "{298A1C39-A186-4032-AFD1-4D40F9278182}"
EndProject
Global
	GlobalSection(SolutionConfigurationPlatforms) = preSolution
		Debug|Any CPU = Debug|Any CPU
		junfa|Any CPU = junfa|Any CPU
		longfor|Any CPU = longfor|Any CPU
		Release|Any CPU = Release|Any CPU
	EndGlobalSection
	GlobalSection(ProjectConfigurationPlatforms) = postSolution
		{FA6E69C6-02FA-4CE9-B77E-C00DB7A12D58}.Debug|Any CPU.ActiveCfg = Debug|Any CPU
		{FA6E69C6-02FA-4CE9-B77E-C00DB7A12D58}.Debug|Any CPU.Build.0 = Debug|Any CPU
		{FA6E69C6-02FA-4CE9-B77E-C00DB7A12D58}.junfa|Any CPU.ActiveCfg = junfa|Any CPU
		{FA6E69C6-02FA-4CE9-B77E-C00DB7A12D58}.junfa|Any CPU.Build.0 = junfa|Any CPU
		{FA6E69C6-02FA-4CE9-B77E-C00DB7A12D58}.longfor|Any CPU.ActiveCfg = longfor|Any CPU
		{FA6E69C6-02FA-4CE9-B77E-C00DB7A12D58}.longfor|Any CPU.Build.0 = longfor|Any CPU
		{FA6E69C6-02FA-4CE9-B77E-C00DB7A12D58}.Release|Any CPU.ActiveCfg = Release|Any CPU
		{FA6E69C6-02FA-4CE9-B77E-C00DB7A12D58}.Release|Any CPU.Build.0 = Release|Any CPU
		{9A63480D-AE1B-485B-A813-9F0E50FD7BC7}.Debug|Any CPU.ActiveCfg = Debug|Any CPU
		{9A63480D-AE1B-485B-A813-9F0E50FD7BC7}.Debug|Any CPU.Build.0 = Debug|Any CPU
		{9A63480D-AE1B-485B-A813-9F0E50FD7BC7}.junfa|Any CPU.ActiveCfg = junfa|Any CPU
		{9A63480D-AE1B-485B-A813-9F0E50FD7BC7}.junfa|Any CPU.Build.0 = junfa|Any CPU
		{9A63480D-AE1B-485B-A813-9F0E50FD7BC7}.longfor|Any CPU.ActiveCfg = longfor|Any CPU
		{9A63480D-AE1B-485B-A813-9F0E50FD7BC7}.longfor|Any CPU.Build.0 = longfor|Any CPU
		{9A63480D-AE1B-485B-A813-9F0E50FD7BC7}.Release|Any CPU.ActiveCfg = Release|Any CPU
		{9A63480D-AE1B-485B-A813-9F0E50FD7BC7}.Release|Any CPU.Build.0 = Release|Any CPU
		{A1F5A0D3-954F-4E7F-BB3A-59807805B0C0}.Debug|Any CPU.ActiveCfg = Debug|Any CPU
		{A1F5A0D3-954F-4E7F-BB3A-59807805B0C0}.Debug|Any CPU.Build.0 = Debug|Any CPU
		{A1F5A0D3-954F-4E7F-BB3A-59807805B0C0}.junfa|Any CPU.ActiveCfg = Release|Any CPU
		{A1F5A0D3-954F-4E7F-BB3A-59807805B0C0}.junfa|Any CPU.Build.0 = Release|Any CPU
		{A1F5A0D3-954F-4E7F-BB3A-59807805B0C0}.longfor|Any CPU.ActiveCfg = Release|Any CPU
		{A1F5A0D3-954F-4E7F-BB3A-59807805B0C0}.longfor|Any CPU.Build.0 = Release|Any CPU
		{A1F5A0D3-954F-4E7F-BB3A-59807805B0C0}.Release|Any CPU.ActiveCfg = Release|Any CPU
		{A1F5A0D3-954F-4E7F-BB3A-59807805B0C0}.Release|Any CPU.Build.0 = Release|Any CPU
		{C0215779-5C42-4F53-8AB3-90F8B87B1069}.Debug|Any CPU.ActiveCfg = Debug|Any CPU
		{C0215779-5C42-4F53-8AB3-90F8B87B1069}.Debug|Any CPU.Build.0 = Debug|Any CPU
		{C0215779-5C42-4F53-8AB3-90F8B87B1069}.junfa|Any CPU.ActiveCfg = junfa|Any CPU
		{C0215779-5C42-4F53-8AB3-90F8B87B1069}.junfa|Any CPU.Build.0 = junfa|Any CPU
		{C0215779-5C42-4F53-8AB3-90F8B87B1069}.longfor|Any CPU.ActiveCfg = longfor|Any CPU
		{C0215779-5C42-4F53-8AB3-90F8B87B1069}.longfor|Any CPU.Build.0 = longfor|Any CPU
		{C0215779-5C42-4F53-8AB3-90F8B87B1069}.Release|Any CPU.ActiveCfg = Release|Any CPU
		{C0215779-5C42-4F53-8AB3-90F8B87B1069}.Release|Any CPU.Build.0 = Release|Any CPU
		{6E2DC2C0-C5F4-4B23-AB5F-A97E6FAB8FA5}.Debug|Any CPU.ActiveCfg = Debug|Any CPU
		{6E2DC2C0-C5F4-4B23-AB5F-A97E6FAB8FA5}.Debug|Any CPU.Build.0 = Debug|Any CPU
		{6E2DC2C0-C5F4-4B23-AB5F-A97E6FAB8FA5}.junfa|Any CPU.ActiveCfg = junfa|Any CPU
		{6E2DC2C0-C5F4-4B23-AB5F-A97E6FAB8FA5}.junfa|Any CPU.Build.0 = junfa|Any CPU
		{6E2DC2C0-C5F4-4B23-AB5F-A97E6FAB8FA5}.longfor|Any CPU.ActiveCfg = longfor|Any CPU
		{6E2DC2C0-C5F4-4B23-AB5F-A97E6FAB8FA5}.longfor|Any CPU.Build.0 = longfor|Any CPU
		{6E2DC2C0-C5F4-4B23-AB5F-A97E6FAB8FA5}.Release|Any CPU.ActiveCfg = Release|Any CPU
		{6E2DC2C0-C5F4-4B23-AB5F-A97E6FAB8FA5}.Release|Any CPU.Build.0 = Release|Any CPU
		{2F09FE39-F06B-4686-9FEF-33589C3F9625}.Debug|Any CPU.ActiveCfg = Debug|Any CPU
		{2F09FE39-F06B-4686-9FEF-33589C3F9625}.Debug|Any CPU.Build.0 = Debug|Any CPU
		{2F09FE39-F06B-4686-9FEF-33589C3F9625}.junfa|Any CPU.ActiveCfg = junfa|Any CPU
		{2F09FE39-F06B-4686-9FEF-33589C3F9625}.junfa|Any CPU.Build.0 = junfa|Any CPU
		{2F09FE39-F06B-4686-9FEF-33589C3F9625}.longfor|Any CPU.ActiveCfg = longfor|Any CPU
		{2F09FE39-F06B-4686-9FEF-33589C3F9625}.longfor|Any CPU.Build.0 = longfor|Any CPU
		{2F09FE39-F06B-4686-9FEF-33589C3F9625}.Release|Any CPU.ActiveCfg = Release|Any CPU
		{2F09FE39-F06B-4686-9FEF-33589C3F9625}.Release|Any CPU.Build.0 = Release|Any CPU
		{8B7AD1B1-7209-4CD2-8C75-5A4ED8601D9A}.Debug|Any CPU.ActiveCfg = Debug|Any CPU
		{8B7AD1B1-7209-4CD2-8C75-5A4ED8601D9A}.Debug|Any CPU.Build.0 = Debug|Any CPU
		{8B7AD1B1-7209-4CD2-8C75-5A4ED8601D9A}.junfa|Any CPU.ActiveCfg = Release|Any CPU
		{8B7AD1B1-7209-4CD2-8C75-5A4ED8601D9A}.junfa|Any CPU.Build.0 = Release|Any CPU
		{8B7AD1B1-7209-4CD2-8C75-5A4ED8601D9A}.longfor|Any CPU.ActiveCfg = Release|Any CPU
		{8B7AD1B1-7209-4CD2-8C75-5A4ED8601D9A}.longfor|Any CPU.Build.0 = Release|Any CPU
		{8B7AD1B1-7209-4CD2-8C75-5A4ED8601D9A}.Release|Any CPU.ActiveCfg = Release|Any CPU
		{8B7AD1B1-7209-4CD2-8C75-5A4ED8601D9A}.Release|Any CPU.Build.0 = Release|Any CPU
		{706E4735-DB76-4359-8E2C-83AB42FC4720}.Debug|Any CPU.ActiveCfg = Debug|Any CPU
		{706E4735-DB76-4359-8E2C-83AB42FC4720}.Debug|Any CPU.Build.0 = Debug|Any CPU
		{706E4735-DB76-4359-8E2C-83AB42FC4720}.junfa|Any CPU.ActiveCfg = junfa|Any CPU
		{706E4735-DB76-4359-8E2C-83AB42FC4720}.junfa|Any CPU.Build.0 = junfa|Any CPU
		{706E4735-DB76-4359-8E2C-83AB42FC4720}.longfor|Any CPU.ActiveCfg = longfor|Any CPU
		{706E4735-DB76-4359-8E2C-83AB42FC4720}.longfor|Any CPU.Build.0 = longfor|Any CPU
		{706E4735-DB76-4359-8E2C-83AB42FC4720}.Release|Any CPU.ActiveCfg = Release|Any CPU
		{706E4735-DB76-4359-8E2C-83AB42FC4720}.Release|Any CPU.Build.0 = Release|Any CPU
		{1F5AFC99-0364-4653-B93B-EF8A42729485}.Debug|Any CPU.ActiveCfg = Debug|Any CPU
		{1F5AFC99-0364-4653-B93B-EF8A42729485}.Debug|Any CPU.Build.0 = Debug|Any CPU
		{1F5AFC99-0364-4653-B93B-EF8A42729485}.junfa|Any CPU.ActiveCfg = Release|Any CPU
		{1F5AFC99-0364-4653-B93B-EF8A42729485}.junfa|Any CPU.Build.0 = Release|Any CPU
		{1F5AFC99-0364-4653-B93B-EF8A42729485}.longfor|Any CPU.ActiveCfg = Release|Any CPU
		{1F5AFC99-0364-4653-B93B-EF8A42729485}.longfor|Any CPU.Build.0 = Release|Any CPU
		{1F5AFC99-0364-4653-B93B-EF8A42729485}.Release|Any CPU.ActiveCfg = Release|Any CPU
		{1F5AFC99-0364-4653-B93B-EF8A42729485}.Release|Any CPU.Build.0 = Release|Any CPU
		{9CD9D5BA-DC38-44A9-81D8-2696AAA67E9C}.Debug|Any CPU.ActiveCfg = Debug|Any CPU
		{9CD9D5BA-DC38-44A9-81D8-2696AAA67E9C}.Debug|Any CPU.Build.0 = Debug|Any CPU
		{9CD9D5BA-DC38-44A9-81D8-2696AAA67E9C}.junfa|Any CPU.ActiveCfg = Release|Any CPU
		{9CD9D5BA-DC38-44A9-81D8-2696AAA67E9C}.junfa|Any CPU.Build.0 = Release|Any CPU
		{9CD9D5BA-DC38-44A9-81D8-2696AAA67E9C}.longfor|Any CPU.ActiveCfg = Release|Any CPU
		{9CD9D5BA-DC38-44A9-81D8-2696AAA67E9C}.longfor|Any CPU.Build.0 = Release|Any CPU
		{9CD9D5BA-DC38-44A9-81D8-2696AAA67E9C}.Release|Any CPU.ActiveCfg = Release|Any CPU
		{9CD9D5BA-DC38-44A9-81D8-2696AAA67E9C}.Release|Any CPU.Build.0 = Release|Any CPU
		{C7B42323-11A4-4F0C-8F5F-E9FB9DBE079C}.Debug|Any CPU.ActiveCfg = Debug|Any CPU
		{C7B42323-11A4-4F0C-8F5F-E9FB9DBE079C}.Debug|Any CPU.Build.0 = Debug|Any CPU
		{C7B42323-11A4-4F0C-8F5F-E9FB9DBE079C}.junfa|Any CPU.ActiveCfg = junfa|Any CPU
		{C7B42323-11A4-4F0C-8F5F-E9FB9DBE079C}.junfa|Any CPU.Build.0 = junfa|Any CPU
		{C7B42323-11A4-4F0C-8F5F-E9FB9DBE079C}.longfor|Any CPU.ActiveCfg = longfor|Any CPU
		{C7B42323-11A4-4F0C-8F5F-E9FB9DBE079C}.longfor|Any CPU.Build.0 = longfor|Any CPU
		{C7B42323-11A4-4F0C-8F5F-E9FB9DBE079C}.Release|Any CPU.ActiveCfg = Release|Any CPU
		{C7B42323-11A4-4F0C-8F5F-E9FB9DBE079C}.Release|Any CPU.Build.0 = Release|Any CPU
		{CC7D2EFB-1041-4832-9432-B345EDEDA07C}.Debug|Any CPU.ActiveCfg = Debug|Any CPU
		{CC7D2EFB-1041-4832-9432-B345EDEDA07C}.Debug|Any CPU.Build.0 = Debug|Any CPU
		{CC7D2EFB-1041-4832-9432-B345EDEDA07C}.junfa|Any CPU.ActiveCfg = Release|Any CPU
		{CC7D2EFB-1041-4832-9432-B345EDEDA07C}.junfa|Any CPU.Build.0 = Release|Any CPU
		{CC7D2EFB-1041-4832-9432-B345EDEDA07C}.longfor|Any CPU.ActiveCfg = Release|Any CPU
		{CC7D2EFB-1041-4832-9432-B345EDEDA07C}.longfor|Any CPU.Build.0 = Release|Any CPU
		{CC7D2EFB-1041-4832-9432-B345EDEDA07C}.Release|Any CPU.ActiveCfg = Release|Any CPU
		{CC7D2EFB-1041-4832-9432-B345EDEDA07C}.Release|Any CPU.Build.0 = Release|Any CPU
		{27D2AA7C-2B8D-4653-8E14-7B82CE59CBFC}.Debug|Any CPU.ActiveCfg = Debug|Any CPU
		{27D2AA7C-2B8D-4653-8E14-7B82CE59CBFC}.Debug|Any CPU.Build.0 = Debug|Any CPU
		{27D2AA7C-2B8D-4653-8E14-7B82CE59CBFC}.junfa|Any CPU.ActiveCfg = Release|Any CPU
		{27D2AA7C-2B8D-4653-8E14-7B82CE59CBFC}.junfa|Any CPU.Build.0 = Release|Any CPU
		{27D2AA7C-2B8D-4653-8E14-7B82CE59CBFC}.longfor|Any CPU.ActiveCfg = Release|Any CPU
		{27D2AA7C-2B8D-4653-8E14-7B82CE59CBFC}.longfor|Any CPU.Build.0 = Release|Any CPU
		{27D2AA7C-2B8D-4653-8E14-7B82CE59CBFC}.Release|Any CPU.ActiveCfg = Release|Any CPU
		{27D2AA7C-2B8D-4653-8E14-7B82CE59CBFC}.Release|Any CPU.Build.0 = Release|Any CPU
		{298A1C39-A186-4032-AFD1-4D40F9278182}.Debug|Any CPU.ActiveCfg = Debug|Any CPU
		{298A1C39-A186-4032-AFD1-4D40F9278182}.Debug|Any CPU.Build.0 = Debug|Any CPU
		{298A1C39-A186-4032-AFD1-4D40F9278182}.junfa|Any CPU.ActiveCfg = Release|Any CPU
		{298A1C39-A186-4032-AFD1-4D40F9278182}.junfa|Any CPU.Build.0 = Release|Any CPU
		{298A1C39-A186-4032-AFD1-4D40F9278182}.longfor|Any CPU.ActiveCfg = Release|Any CPU
		{298A1C39-A186-4032-AFD1-4D40F9278182}.longfor|Any CPU.Build.0 = Release|Any CPU
		{298A1C39-A186-4032-AFD1-4D40F9278182}.Release|Any CPU.ActiveCfg = Release|Any CPU
		{298A1C39-A186-4032-AFD1-4D40F9278182}.Release|Any CPU.Build.0 = Release|Any CPU
	EndGlobalSection
	GlobalSection(SolutionProperties) = preSolution
		HideSolutionNode = FALSE
	EndGlobalSection
	GlobalSection(NestedProjects) = preSolution
		{9A63480D-AE1B-485B-A813-9F0E50FD7BC7} = {BDB2C90C-4673-4536-9116-FAA505AF21D8}
		{A1F5A0D3-954F-4E7F-BB3A-59807805B0C0} = {D51FF688-ECC7-4AFC-BA0E-5127B9EE265D}
		{C0215779-5C42-4F53-8AB3-90F8B87B1069} = {BDB2C90C-4673-4536-9116-FAA505AF21D8}
		{6E2DC2C0-C5F4-4B23-AB5F-A97E6FAB8FA5} = {842B5329-05E6-4856-A758-CE0543C19D0B}
		{2F09FE39-F06B-4686-9FEF-33589C3F9625} = {842B5329-05E6-4856-A758-CE0543C19D0B}
		{8B7AD1B1-7209-4CD2-8C75-5A4ED8601D9A} = {D51FF688-ECC7-4AFC-BA0E-5127B9EE265D}
		{706E4735-DB76-4359-8E2C-83AB42FC4720} = {4E7EC637-836F-41F7-ADC9-0D8887E5C9B1}
		{1F5AFC99-0364-4653-B93B-EF8A42729485} = {4E7EC637-836F-41F7-ADC9-0D8887E5C9B1}
		{9CD9D5BA-DC38-44A9-81D8-2696AAA67E9C} = {69ADA62F-1EEB-4A97-A035-90D5B6B0E9E3}
		{C7B42323-11A4-4F0C-8F5F-E9FB9DBE079C} = {DEB209C7-2129-44F7-A282-9273F2A73F40}
		{CC7D2EFB-1041-4832-9432-B345EDEDA07C} = {DEB209C7-2129-44F7-A282-9273F2A73F40}
		{27D2AA7C-2B8D-4653-8E14-7B82CE59CBFC} = {842B5329-05E6-4856-A758-CE0543C19D0B}
		{298A1C39-A186-4032-AFD1-4D40F9278182} = {69ADA62F-1EEB-4A97-A035-90D5B6B0E9E3}
	EndGlobalSection
EndGlobal
