
Microsoft Visual Studio Solution File, Format Version 12.00
# Visual Studio 2013
VisualStudioVersion = 12.0.31101.0
MinimumVisualStudioVersion = 10.0.40219.1
Project("{2150E333-8FDC-42A3-9474-1A3956D46DE8}") = "Forum", "Forum", "{5236A65D-05AC-4B3A-B96C-1BCE779EE6BC}"
EndProject
Project("{FAE04EC0-301F-11D3-BF4B-00C04F79EFBC}") = "Forum", "Forum\Forum.csproj", "{5FF6709C-7181-4B0E-9460-18C7EF91BD3B}"
EndProject
Project("{FAE04EC0-301F-11D3-BF4B-00C04F79EFBC}") = "Forum.Tests", "Forum.Tests\Forum.Tests.csproj", "{D627F328-9CE6-4814-8E37-DEF1CC930F52}"
EndProject
Project("{FAE04EC0-301F-11D3-BF4B-00C04F79EFBC}") = "WebSite.1.0.0", "..\..\WebSite\1.0.0\WebSite.1.0.0.csproj", "{FA6E69C6-02FA-4CE9-B77E-C00DB7A12D58}"
EndProject
Project("{FAE04EC0-301F-11D3-BF4B-00C04F79EFBC}") = "Forum.Mvc", "Forum.Mvc\Forum.Mvc.csproj", "{33602194-A869-4A3A-BAA4-3BD3259440FE}"
EndProject
Project("{FAE04EC0-301F-11D3-BF4B-00C04F79EFBC}") = "Web", "..\..\Web\Web\Web.csproj", "{9CD9D5BA-DC38-44A9-81D8-2696AAA67E9C}"
EndProject
Project("{FAE04EC0-301F-11D3-BF4B-00C04F79EFBC}") = "Support", "..\..\Kernel\Support\Support.csproj", "{2F09FE39-F06B-4686-9FEF-33589C3F9625}"
EndProject
Project("{2150E333-8FDC-42A3-9474-1A3956D46DE8}") = "Kernel", "Kernel", "{B36719FD-3D9E-481C-9918-239D2642A533}"
EndProject
Project("{FAE04EC0-301F-11D3-BF4B-00C04F79EFBC}") = "Apps", "..\..\Apps\Apps\Apps.csproj", "{A1F5A0D3-954F-4E7F-BB3A-59807805B0C0}"
EndProject
Project("{2150E333-8FDC-42A3-9474-1A3956D46DE8}") = "Apps", "Apps", "{D2D8486E-8947-4429-BC5A-A1AF7FD277BD}"
EndProject
Project("{FAE04EC0-301F-11D3-BF4B-00C04F79EFBC}") = "Connect", "..\..\Connect\Connect\Connect.csproj", "{706E4735-DB76-4359-8E2C-83AB42FC4720}"
EndProject
Project("{2150E333-8FDC-42A3-9474-1A3956D46DE8}") = "Connect", "Connect", "{5074F346-0DA2-4DEB-AC87-EB73349EF5C4}"
EndProject
Project("{FAE04EC0-301F-11D3-BF4B-00C04F79EFBC}") = "Abstractions", "..\..\Kernel\Abstractions\Abstractions.csproj", "{6E2DC2C0-C5F4-4B23-AB5F-A97E6FAB8FA5}"
EndProject
Project("{FAE04EC0-301F-11D3-BF4B-00C04F79EFBC}") = "Membership", "..\..\Membership\Membership\Membership.csproj", "{9A63480D-AE1B-485B-A813-9F0E50FD7BC7}"
EndProject
Project("{FAE04EC0-301F-11D3-BF4B-00C04F79EFBC}") = "Apps.Mvc", "..\..\Apps\Apps.Mvc\Apps.Mvc.csproj", "{9F85415E-8A9C-494D-A076-44F3E22AAA71}"
EndProject
Global
	GlobalSection(SolutionConfigurationPlatforms) = preSolution
		Debug|Any CPU = Debug|Any CPU
		Debug|x64 = Debug|x64
		Debug|x86 = Debug|x86
		junfa|Any CPU = junfa|Any CPU
		junfa|x64 = junfa|x64
		junfa|x86 = junfa|x86
		longfor|Any CPU = longfor|Any CPU
		longfor|x64 = longfor|x64
		longfor|x86 = longfor|x86
		Release|Any CPU = Release|Any CPU
		Release|x64 = Release|x64
		Release|x86 = Release|x86
	EndGlobalSection
	GlobalSection(ProjectConfigurationPlatforms) = postSolution
		{5FF6709C-7181-4B0E-9460-18C7EF91BD3B}.Debug|Any CPU.ActiveCfg = Debug|Any CPU
		{5FF6709C-7181-4B0E-9460-18C7EF91BD3B}.Debug|Any CPU.Build.0 = Debug|Any CPU
		{5FF6709C-7181-4B0E-9460-18C7EF91BD3B}.Debug|x64.ActiveCfg = Debug|Any CPU
		{5FF6709C-7181-4B0E-9460-18C7EF91BD3B}.Debug|x86.ActiveCfg = Debug|Any CPU
		{5FF6709C-7181-4B0E-9460-18C7EF91BD3B}.junfa|Any CPU.ActiveCfg = Release|Any CPU
		{5FF6709C-7181-4B0E-9460-18C7EF91BD3B}.junfa|Any CPU.Build.0 = Release|Any CPU
		{5FF6709C-7181-4B0E-9460-18C7EF91BD3B}.junfa|x64.ActiveCfg = Release|Any CPU
		{5FF6709C-7181-4B0E-9460-18C7EF91BD3B}.junfa|x86.ActiveCfg = Release|Any CPU
		{5FF6709C-7181-4B0E-9460-18C7EF91BD3B}.longfor|Any CPU.ActiveCfg = Release|Any CPU
		{5FF6709C-7181-4B0E-9460-18C7EF91BD3B}.longfor|Any CPU.Build.0 = Release|Any CPU
		{5FF6709C-7181-4B0E-9460-18C7EF91BD3B}.longfor|x64.ActiveCfg = Release|Any CPU
		{5FF6709C-7181-4B0E-9460-18C7EF91BD3B}.longfor|x86.ActiveCfg = Release|Any CPU
		{5FF6709C-7181-4B0E-9460-18C7EF91BD3B}.Release|Any CPU.ActiveCfg = Release|Any CPU
		{5FF6709C-7181-4B0E-9460-18C7EF91BD3B}.Release|Any CPU.Build.0 = Release|Any CPU
		{5FF6709C-7181-4B0E-9460-18C7EF91BD3B}.Release|x64.ActiveCfg = Release|Any CPU
		{5FF6709C-7181-4B0E-9460-18C7EF91BD3B}.Release|x86.ActiveCfg = Release|Any CPU
		{D627F328-9CE6-4814-8E37-DEF1CC930F52}.Debug|Any CPU.ActiveCfg = Debug|Any CPU
		{D627F328-9CE6-4814-8E37-DEF1CC930F52}.Debug|Any CPU.Build.0 = Debug|Any CPU
		{D627F328-9CE6-4814-8E37-DEF1CC930F52}.Debug|x64.ActiveCfg = Debug|Any CPU
		{D627F328-9CE6-4814-8E37-DEF1CC930F52}.Debug|x86.ActiveCfg = Debug|Any CPU
		{D627F328-9CE6-4814-8E37-DEF1CC930F52}.junfa|Any CPU.ActiveCfg = Release|Any CPU
		{D627F328-9CE6-4814-8E37-DEF1CC930F52}.junfa|Any CPU.Build.0 = Release|Any CPU
		{D627F328-9CE6-4814-8E37-DEF1CC930F52}.junfa|x64.ActiveCfg = Release|Any CPU
		{D627F328-9CE6-4814-8E37-DEF1CC930F52}.junfa|x86.ActiveCfg = Release|Any CPU
		{D627F328-9CE6-4814-8E37-DEF1CC930F52}.longfor|Any CPU.ActiveCfg = Release|Any CPU
		{D627F328-9CE6-4814-8E37-DEF1CC930F52}.longfor|Any CPU.Build.0 = Release|Any CPU
		{D627F328-9CE6-4814-8E37-DEF1CC930F52}.longfor|x64.ActiveCfg = Release|Any CPU
		{D627F328-9CE6-4814-8E37-DEF1CC930F52}.longfor|x86.ActiveCfg = Release|Any CPU
		{D627F328-9CE6-4814-8E37-DEF1CC930F52}.Release|Any CPU.ActiveCfg = Release|Any CPU
		{D627F328-9CE6-4814-8E37-DEF1CC930F52}.Release|Any CPU.Build.0 = Release|Any CPU
		{D627F328-9CE6-4814-8E37-DEF1CC930F52}.Release|x64.ActiveCfg = Release|Any CPU
		{D627F328-9CE6-4814-8E37-DEF1CC930F52}.Release|x86.ActiveCfg = Release|Any CPU
		{FA6E69C6-02FA-4CE9-B77E-C00DB7A12D58}.Debug|Any CPU.ActiveCfg = Debug|Any CPU
		{FA6E69C6-02FA-4CE9-B77E-C00DB7A12D58}.Debug|Any CPU.Build.0 = Debug|Any CPU
		{FA6E69C6-02FA-4CE9-B77E-C00DB7A12D58}.Debug|x64.ActiveCfg = Debug|Any CPU
		{FA6E69C6-02FA-4CE9-B77E-C00DB7A12D58}.Debug|x86.ActiveCfg = Debug|Any CPU
		{FA6E69C6-02FA-4CE9-B77E-C00DB7A12D58}.junfa|Any CPU.ActiveCfg = junfa|Any CPU
		{FA6E69C6-02FA-4CE9-B77E-C00DB7A12D58}.junfa|Any CPU.Build.0 = junfa|Any CPU
		{FA6E69C6-02FA-4CE9-B77E-C00DB7A12D58}.junfa|x64.ActiveCfg = junfa|Any CPU
		{FA6E69C6-02FA-4CE9-B77E-C00DB7A12D58}.junfa|x86.ActiveCfg = junfa|Any CPU
		{FA6E69C6-02FA-4CE9-B77E-C00DB7A12D58}.longfor|Any CPU.ActiveCfg = longfor|Any CPU
		{FA6E69C6-02FA-4CE9-B77E-C00DB7A12D58}.longfor|Any CPU.Build.0 = longfor|Any CPU
		{FA6E69C6-02FA-4CE9-B77E-C00DB7A12D58}.longfor|x64.ActiveCfg = longfor|Any CPU
		{FA6E69C6-02FA-4CE9-B77E-C00DB7A12D58}.longfor|x86.ActiveCfg = longfor|Any CPU
		{FA6E69C6-02FA-4CE9-B77E-C00DB7A12D58}.Release|Any CPU.ActiveCfg = Release|Any CPU
		{FA6E69C6-02FA-4CE9-B77E-C00DB7A12D58}.Release|Any CPU.Build.0 = Release|Any CPU
		{FA6E69C6-02FA-4CE9-B77E-C00DB7A12D58}.Release|x64.ActiveCfg = Release|Any CPU
		{FA6E69C6-02FA-4CE9-B77E-C00DB7A12D58}.Release|x86.ActiveCfg = Release|Any CPU
		{33602194-A869-4A3A-BAA4-3BD3259440FE}.Debug|Any CPU.ActiveCfg = Debug|Any CPU
		{33602194-A869-4A3A-BAA4-3BD3259440FE}.Debug|Any CPU.Build.0 = Debug|Any CPU
		{33602194-A869-4A3A-BAA4-3BD3259440FE}.Debug|x64.ActiveCfg = Debug|Any CPU
		{33602194-A869-4A3A-BAA4-3BD3259440FE}.Debug|x86.ActiveCfg = Debug|Any CPU
		{33602194-A869-4A3A-BAA4-3BD3259440FE}.junfa|Any CPU.ActiveCfg = Release|Any CPU
		{33602194-A869-4A3A-BAA4-3BD3259440FE}.junfa|Any CPU.Build.0 = Release|Any CPU
		{33602194-A869-4A3A-BAA4-3BD3259440FE}.junfa|x64.ActiveCfg = Release|Any CPU
		{33602194-A869-4A3A-BAA4-3BD3259440FE}.junfa|x86.ActiveCfg = Release|Any CPU
		{33602194-A869-4A3A-BAA4-3BD3259440FE}.longfor|Any CPU.ActiveCfg = Release|Any CPU
		{33602194-A869-4A3A-BAA4-3BD3259440FE}.longfor|Any CPU.Build.0 = Release|Any CPU
		{33602194-A869-4A3A-BAA4-3BD3259440FE}.longfor|x64.ActiveCfg = Release|Any CPU
		{33602194-A869-4A3A-BAA4-3BD3259440FE}.longfor|x86.ActiveCfg = Release|Any CPU
		{33602194-A869-4A3A-BAA4-3BD3259440FE}.Release|Any CPU.ActiveCfg = Release|Any CPU
		{33602194-A869-4A3A-BAA4-3BD3259440FE}.Release|Any CPU.Build.0 = Release|Any CPU
		{33602194-A869-4A3A-BAA4-3BD3259440FE}.Release|x64.ActiveCfg = Release|Any CPU
		{33602194-A869-4A3A-BAA4-3BD3259440FE}.Release|x86.ActiveCfg = Release|Any CPU
		{9CD9D5BA-DC38-44A9-81D8-2696AAA67E9C}.Debug|Any CPU.ActiveCfg = Debug|Any CPU
		{9CD9D5BA-DC38-44A9-81D8-2696AAA67E9C}.Debug|Any CPU.Build.0 = Debug|Any CPU
		{9CD9D5BA-DC38-44A9-81D8-2696AAA67E9C}.Debug|x64.ActiveCfg = Debug|Any CPU
		{9CD9D5BA-DC38-44A9-81D8-2696AAA67E9C}.Debug|x86.ActiveCfg = Debug|Any CPU
		{9CD9D5BA-DC38-44A9-81D8-2696AAA67E9C}.junfa|Any CPU.ActiveCfg = Release|Any CPU
		{9CD9D5BA-DC38-44A9-81D8-2696AAA67E9C}.junfa|Any CPU.Build.0 = Release|Any CPU
		{9CD9D5BA-DC38-44A9-81D8-2696AAA67E9C}.junfa|x64.ActiveCfg = Release|Any CPU
		{9CD9D5BA-DC38-44A9-81D8-2696AAA67E9C}.junfa|x86.ActiveCfg = Release|Any CPU
		{9CD9D5BA-DC38-44A9-81D8-2696AAA67E9C}.longfor|Any CPU.ActiveCfg = Release|Any CPU
		{9CD9D5BA-DC38-44A9-81D8-2696AAA67E9C}.longfor|Any CPU.Build.0 = Release|Any CPU
		{9CD9D5BA-DC38-44A9-81D8-2696AAA67E9C}.longfor|x64.ActiveCfg = Release|Any CPU
		{9CD9D5BA-DC38-44A9-81D8-2696AAA67E9C}.longfor|x86.ActiveCfg = Release|Any CPU
		{9CD9D5BA-DC38-44A9-81D8-2696AAA67E9C}.Release|Any CPU.ActiveCfg = Release|Any CPU
		{9CD9D5BA-DC38-44A9-81D8-2696AAA67E9C}.Release|Any CPU.Build.0 = Release|Any CPU
		{9CD9D5BA-DC38-44A9-81D8-2696AAA67E9C}.Release|x64.ActiveCfg = Release|Any CPU
		{9CD9D5BA-DC38-44A9-81D8-2696AAA67E9C}.Release|x86.ActiveCfg = Release|Any CPU
		{2F09FE39-F06B-4686-9FEF-33589C3F9625}.Debug|Any CPU.ActiveCfg = Debug|Any CPU
		{2F09FE39-F06B-4686-9FEF-33589C3F9625}.Debug|Any CPU.Build.0 = Debug|Any CPU
		{2F09FE39-F06B-4686-9FEF-33589C3F9625}.Debug|x64.ActiveCfg = Debug|Any CPU
		{2F09FE39-F06B-4686-9FEF-33589C3F9625}.Debug|x86.ActiveCfg = Debug|Any CPU
		{2F09FE39-F06B-4686-9FEF-33589C3F9625}.junfa|Any CPU.ActiveCfg = junfa|Any CPU
		{2F09FE39-F06B-4686-9FEF-33589C3F9625}.junfa|Any CPU.Build.0 = junfa|Any CPU
		{2F09FE39-F06B-4686-9FEF-33589C3F9625}.junfa|x64.ActiveCfg = junfa|Any CPU
		{2F09FE39-F06B-4686-9FEF-33589C3F9625}.junfa|x86.ActiveCfg = junfa|Any CPU
		{2F09FE39-F06B-4686-9FEF-33589C3F9625}.longfor|Any CPU.ActiveCfg = longfor|Any CPU
		{2F09FE39-F06B-4686-9FEF-33589C3F9625}.longfor|Any CPU.Build.0 = longfor|Any CPU
		{2F09FE39-F06B-4686-9FEF-33589C3F9625}.longfor|x64.ActiveCfg = longfor|Any CPU
		{2F09FE39-F06B-4686-9FEF-33589C3F9625}.longfor|x86.ActiveCfg = longfor|Any CPU
		{2F09FE39-F06B-4686-9FEF-33589C3F9625}.Release|Any CPU.ActiveCfg = Release|Any CPU
		{2F09FE39-F06B-4686-9FEF-33589C3F9625}.Release|Any CPU.Build.0 = Release|Any CPU
		{2F09FE39-F06B-4686-9FEF-33589C3F9625}.Release|x64.ActiveCfg = Release|Any CPU
		{2F09FE39-F06B-4686-9FEF-33589C3F9625}.Release|x86.ActiveCfg = Release|Any CPU
		{A1F5A0D3-954F-4E7F-BB3A-59807805B0C0}.Debug|Any CPU.ActiveCfg = Debug|Any CPU
		{A1F5A0D3-954F-4E7F-BB3A-59807805B0C0}.Debug|Any CPU.Build.0 = Debug|Any CPU
		{A1F5A0D3-954F-4E7F-BB3A-59807805B0C0}.Debug|x64.ActiveCfg = Debug|Any CPU
		{A1F5A0D3-954F-4E7F-BB3A-59807805B0C0}.Debug|x86.ActiveCfg = Debug|Any CPU
		{A1F5A0D3-954F-4E7F-BB3A-59807805B0C0}.junfa|Any CPU.ActiveCfg = Release|Any CPU
		{A1F5A0D3-954F-4E7F-BB3A-59807805B0C0}.junfa|Any CPU.Build.0 = Release|Any CPU
		{A1F5A0D3-954F-4E7F-BB3A-59807805B0C0}.junfa|x64.ActiveCfg = Release|Any CPU
		{A1F5A0D3-954F-4E7F-BB3A-59807805B0C0}.junfa|x86.ActiveCfg = Release|Any CPU
		{A1F5A0D3-954F-4E7F-BB3A-59807805B0C0}.longfor|Any CPU.ActiveCfg = Release|Any CPU
		{A1F5A0D3-954F-4E7F-BB3A-59807805B0C0}.longfor|Any CPU.Build.0 = Release|Any CPU
		{A1F5A0D3-954F-4E7F-BB3A-59807805B0C0}.longfor|x64.ActiveCfg = Release|Any CPU
		{A1F5A0D3-954F-4E7F-BB3A-59807805B0C0}.longfor|x86.ActiveCfg = Release|Any CPU
		{A1F5A0D3-954F-4E7F-BB3A-59807805B0C0}.Release|Any CPU.ActiveCfg = Release|Any CPU
		{A1F5A0D3-954F-4E7F-BB3A-59807805B0C0}.Release|Any CPU.Build.0 = Release|Any CPU
		{A1F5A0D3-954F-4E7F-BB3A-59807805B0C0}.Release|x64.ActiveCfg = Release|Any CPU
		{A1F5A0D3-954F-4E7F-BB3A-59807805B0C0}.Release|x86.ActiveCfg = Release|Any CPU
		{706E4735-DB76-4359-8E2C-83AB42FC4720}.Debug|Any CPU.ActiveCfg = Debug|Any CPU
		{706E4735-DB76-4359-8E2C-83AB42FC4720}.Debug|Any CPU.Build.0 = Debug|Any CPU
		{706E4735-DB76-4359-8E2C-83AB42FC4720}.Debug|x64.ActiveCfg = Debug|Any CPU
		{706E4735-DB76-4359-8E2C-83AB42FC4720}.Debug|x86.ActiveCfg = Debug|Any CPU
		{706E4735-DB76-4359-8E2C-83AB42FC4720}.junfa|Any CPU.ActiveCfg = junfa|Any CPU
		{706E4735-DB76-4359-8E2C-83AB42FC4720}.junfa|Any CPU.Build.0 = junfa|Any CPU
		{706E4735-DB76-4359-8E2C-83AB42FC4720}.junfa|x64.ActiveCfg = junfa|Any CPU
		{706E4735-DB76-4359-8E2C-83AB42FC4720}.junfa|x86.ActiveCfg = junfa|Any CPU
		{706E4735-DB76-4359-8E2C-83AB42FC4720}.longfor|Any CPU.ActiveCfg = longfor|Any CPU
		{706E4735-DB76-4359-8E2C-83AB42FC4720}.longfor|Any CPU.Build.0 = longfor|Any CPU
		{706E4735-DB76-4359-8E2C-83AB42FC4720}.longfor|x64.ActiveCfg = longfor|Any CPU
		{706E4735-DB76-4359-8E2C-83AB42FC4720}.longfor|x86.ActiveCfg = longfor|Any CPU
		{706E4735-DB76-4359-8E2C-83AB42FC4720}.Release|Any CPU.ActiveCfg = Release|Any CPU
		{706E4735-DB76-4359-8E2C-83AB42FC4720}.Release|Any CPU.Build.0 = Release|Any CPU
		{706E4735-DB76-4359-8E2C-83AB42FC4720}.Release|x64.ActiveCfg = Release|Any CPU
		{706E4735-DB76-4359-8E2C-83AB42FC4720}.Release|x86.ActiveCfg = Release|Any CPU
		{6E2DC2C0-C5F4-4B23-AB5F-A97E6FAB8FA5}.Debug|Any CPU.ActiveCfg = Debug|Any CPU
		{6E2DC2C0-C5F4-4B23-AB5F-A97E6FAB8FA5}.Debug|Any CPU.Build.0 = Debug|Any CPU
		{6E2DC2C0-C5F4-4B23-AB5F-A97E6FAB8FA5}.Debug|x64.ActiveCfg = Debug|Any CPU
		{6E2DC2C0-C5F4-4B23-AB5F-A97E6FAB8FA5}.Debug|x86.ActiveCfg = Debug|Any CPU
		{6E2DC2C0-C5F4-4B23-AB5F-A97E6FAB8FA5}.junfa|Any CPU.ActiveCfg = junfa|Any CPU
		{6E2DC2C0-C5F4-4B23-AB5F-A97E6FAB8FA5}.junfa|Any CPU.Build.0 = junfa|Any CPU
		{6E2DC2C0-C5F4-4B23-AB5F-A97E6FAB8FA5}.junfa|x64.ActiveCfg = junfa|Any CPU
		{6E2DC2C0-C5F4-4B23-AB5F-A97E6FAB8FA5}.junfa|x86.ActiveCfg = junfa|Any CPU
		{6E2DC2C0-C5F4-4B23-AB5F-A97E6FAB8FA5}.longfor|Any CPU.ActiveCfg = longfor|Any CPU
		{6E2DC2C0-C5F4-4B23-AB5F-A97E6FAB8FA5}.longfor|Any CPU.Build.0 = longfor|Any CPU
		{6E2DC2C0-C5F4-4B23-AB5F-A97E6FAB8FA5}.longfor|x64.ActiveCfg = longfor|Any CPU
		{6E2DC2C0-C5F4-4B23-AB5F-A97E6FAB8FA5}.longfor|x86.ActiveCfg = longfor|Any CPU
		{6E2DC2C0-C5F4-4B23-AB5F-A97E6FAB8FA5}.Release|Any CPU.ActiveCfg = Release|Any CPU
		{6E2DC2C0-C5F4-4B23-AB5F-A97E6FAB8FA5}.Release|Any CPU.Build.0 = Release|Any CPU
		{6E2DC2C0-C5F4-4B23-AB5F-A97E6FAB8FA5}.Release|x64.ActiveCfg = Release|Any CPU
		{6E2DC2C0-C5F4-4B23-AB5F-A97E6FAB8FA5}.Release|x86.ActiveCfg = Release|Any CPU
		{9A63480D-AE1B-485B-A813-9F0E50FD7BC7}.Debug|Any CPU.ActiveCfg = Debug|Any CPU
		{9A63480D-AE1B-485B-A813-9F0E50FD7BC7}.Debug|Any CPU.Build.0 = Debug|Any CPU
		{9A63480D-AE1B-485B-A813-9F0E50FD7BC7}.Debug|x64.ActiveCfg = Debug|Any CPU
		{9A63480D-AE1B-485B-A813-9F0E50FD7BC7}.Debug|x86.ActiveCfg = Debug|Any CPU
		{9A63480D-AE1B-485B-A813-9F0E50FD7BC7}.junfa|Any CPU.ActiveCfg = junfa|Any CPU
		{9A63480D-AE1B-485B-A813-9F0E50FD7BC7}.junfa|Any CPU.Build.0 = junfa|Any CPU
		{9A63480D-AE1B-485B-A813-9F0E50FD7BC7}.junfa|x64.ActiveCfg = junfa|Any CPU
		{9A63480D-AE1B-485B-A813-9F0E50FD7BC7}.junfa|x86.ActiveCfg = junfa|Any CPU
		{9A63480D-AE1B-485B-A813-9F0E50FD7BC7}.longfor|Any CPU.ActiveCfg = longfor|Any CPU
		{9A63480D-AE1B-485B-A813-9F0E50FD7BC7}.longfor|Any CPU.Build.0 = longfor|Any CPU
		{9A63480D-AE1B-485B-A813-9F0E50FD7BC7}.longfor|x64.ActiveCfg = longfor|Any CPU
		{9A63480D-AE1B-485B-A813-9F0E50FD7BC7}.longfor|x86.ActiveCfg = longfor|Any CPU
		{9A63480D-AE1B-485B-A813-9F0E50FD7BC7}.Release|Any CPU.ActiveCfg = Release|Any CPU
		{9A63480D-AE1B-485B-A813-9F0E50FD7BC7}.Release|Any CPU.Build.0 = Release|Any CPU
		{9A63480D-AE1B-485B-A813-9F0E50FD7BC7}.Release|x64.ActiveCfg = Release|Any CPU
		{9A63480D-AE1B-485B-A813-9F0E50FD7BC7}.Release|x86.ActiveCfg = Release|Any CPU
		{9F85415E-8A9C-494D-A076-44F3E22AAA71}.Debug|Any CPU.ActiveCfg = Debug|Any CPU
		{9F85415E-8A9C-494D-A076-44F3E22AAA71}.Debug|Any CPU.Build.0 = Debug|Any CPU
		{9F85415E-8A9C-494D-A076-44F3E22AAA71}.Debug|x64.ActiveCfg = Debug|Any CPU
		{9F85415E-8A9C-494D-A076-44F3E22AAA71}.Debug|x86.ActiveCfg = Debug|Any CPU
		{9F85415E-8A9C-494D-A076-44F3E22AAA71}.junfa|Any CPU.ActiveCfg = Release|Any CPU
		{9F85415E-8A9C-494D-A076-44F3E22AAA71}.junfa|Any CPU.Build.0 = Release|Any CPU
		{9F85415E-8A9C-494D-A076-44F3E22AAA71}.junfa|x64.ActiveCfg = Release|Any CPU
		{9F85415E-8A9C-494D-A076-44F3E22AAA71}.junfa|x86.ActiveCfg = Release|Any CPU
		{9F85415E-8A9C-494D-A076-44F3E22AAA71}.longfor|Any CPU.ActiveCfg = Release|Any CPU
		{9F85415E-8A9C-494D-A076-44F3E22AAA71}.longfor|Any CPU.Build.0 = Release|Any CPU
		{9F85415E-8A9C-494D-A076-44F3E22AAA71}.longfor|x64.ActiveCfg = Release|Any CPU
		{9F85415E-8A9C-494D-A076-44F3E22AAA71}.longfor|x86.ActiveCfg = Release|Any CPU
		{9F85415E-8A9C-494D-A076-44F3E22AAA71}.Release|Any CPU.ActiveCfg = Release|Any CPU
		{9F85415E-8A9C-494D-A076-44F3E22AAA71}.Release|Any CPU.Build.0 = Release|Any CPU
		{9F85415E-8A9C-494D-A076-44F3E22AAA71}.Release|x64.ActiveCfg = Release|Any CPU
		{9F85415E-8A9C-494D-A076-44F3E22AAA71}.Release|x86.ActiveCfg = Release|Any CPU
	EndGlobalSection
	GlobalSection(SolutionProperties) = preSolution
		HideSolutionNode = FALSE
	EndGlobalSection
	GlobalSection(NestedProjects) = preSolution
		{5FF6709C-7181-4B0E-9460-18C7EF91BD3B} = {5236A65D-05AC-4B3A-B96C-1BCE779EE6BC}
		{D627F328-9CE6-4814-8E37-DEF1CC930F52} = {5236A65D-05AC-4B3A-B96C-1BCE779EE6BC}
		{33602194-A869-4A3A-BAA4-3BD3259440FE} = {5236A65D-05AC-4B3A-B96C-1BCE779EE6BC}
		{2F09FE39-F06B-4686-9FEF-33589C3F9625} = {B36719FD-3D9E-481C-9918-239D2642A533}
		{A1F5A0D3-954F-4E7F-BB3A-59807805B0C0} = {D2D8486E-8947-4429-BC5A-A1AF7FD277BD}
		{706E4735-DB76-4359-8E2C-83AB42FC4720} = {5074F346-0DA2-4DEB-AC87-EB73349EF5C4}
		{6E2DC2C0-C5F4-4B23-AB5F-A97E6FAB8FA5} = {B36719FD-3D9E-481C-9918-239D2642A533}
		{9F85415E-8A9C-494D-A076-44F3E22AAA71} = {D2D8486E-8947-4429-BC5A-A1AF7FD277BD}
	EndGlobalSection
	GlobalSection(TestCaseManagementSettings) = postSolution
		CategoryFile = Forum.vsmdi
	EndGlobalSection
EndGlobal
