
Microsoft Visual Studio Solution File, Format Version 12.00
# Visual Studio 2013
VisualStudioVersion = 12.0.40629.0
MinimumVisualStudioVersion = 10.0.40219.1
Project("{2150E333-8FDC-42A3-9474-1A3956D46DE8}") = "Connect", "Connect", "{0AC6FC42-9989-4AB0-8430-0598DE3A380D}"
EndProject
Project("{FAE04EC0-301F-11D3-BF4B-00C04F79EFBC}") = "Connect", "Connect\Connect.csproj", "{706E4735-DB76-4359-8E2C-83AB42FC4720}"
EndProject
Project("{FAE04EC0-301F-11D3-BF4B-00C04F79EFBC}") = "Connect.Tests", "Connect.Tests\Connect.Tests.csproj", "{1F5AFC99-0364-4653-B93B-EF8A42729485}"
EndProject
Project("{FAE04EC0-301F-11D3-BF4B-00C04F79EFBC}") = "Support", "..\Kernel\Support\Support.csproj", "{2F09FE39-F06B-4686-9FEF-33589C3F9625}"
EndProject
Project("{FAE04EC0-301F-11D3-BF4B-00C04F79EFBC}") = "WebSite.1.0.0", "..\WebSite\1.0.0\WebSite.1.0.0.csproj", "{FA6E69C6-02FA-4CE9-B77E-C00DB7A12D58}"
EndProject
Project("{2150E333-8FDC-42A3-9474-1A3956D46DE8}") = "Kernel", "Kernel", "{434D5FCF-1F79-42E2-B1EE-7D4C2226FADB}"
EndProject
Project("{FAE04EC0-301F-11D3-BF4B-00C04F79EFBC}") = "Connect.Mixed", "Connect.Mixed\Connect.Mixed.csproj", "{5F14E379-8BF6-4363-85F8-5081386FD5D7}"
EndProject
Project("{2150E333-8FDC-42A3-9474-1A3956D46DE8}") = "Tasks", "Tasks", "{047FA33D-F64F-4BD4-9103-6F8480C7B6FC}"
EndProject
Project("{FAE04EC0-301F-11D3-BF4B-00C04F79EFBC}") = "Tasks", "..\Tasks\Tasks\Tasks.csproj", "{9073B99C-92F4-4BA7-9089-128241A01920}"
EndProject
Project("{FAE04EC0-301F-11D3-BF4B-00C04F79EFBC}") = "Tasks.Tests", "..\Tasks\Tasks.Tests\Tasks.Tests.csproj", "{2D118299-DB72-4B8E-B8BF-774665E19A09}"
EndProject
Project("{FAE04EC0-301F-11D3-BF4B-00C04F79EFBC}") = "Messages", "..\Messages\Messages\Messages.csproj", "{10F5A1AA-97B5-4105-9752-ED149C8DAE4C}"
EndProject
Project("{FAE04EC0-301F-11D3-BF4B-00C04F79EFBC}") = "Abstractions", "..\Kernel\Abstractions\Abstractions.csproj", "{6E2DC2C0-C5F4-4B23-AB5F-A97E6FAB8FA5}"
EndProject
Global
	GlobalSection(SolutionConfigurationPlatforms) = preSolution
		Debug|Any CPU = Debug|Any CPU
		junfa|Any CPU = junfa|Any CPU
		longfor|Any CPU = longfor|Any CPU
		Release|Any CPU = Release|Any CPU
	EndGlobalSection
	GlobalSection(ProjectConfigurationPlatforms) = postSolution
		{706E4735-DB76-4359-8E2C-83AB42FC4720}.Debug|Any CPU.ActiveCfg = Debug|Any CPU
		{706E4735-DB76-4359-8E2C-83AB42FC4720}.Debug|Any CPU.Build.0 = Debug|Any CPU
		{706E4735-DB76-4359-8E2C-83AB42FC4720}.junfa|Any CPU.ActiveCfg = junfa|Any CPU
		{706E4735-DB76-4359-8E2C-83AB42FC4720}.junfa|Any CPU.Build.0 = junfa|Any CPU
		{706E4735-DB76-4359-8E2C-83AB42FC4720}.longfor|Any CPU.ActiveCfg = longfor|Any CPU
		{706E4735-DB76-4359-8E2C-83AB42FC4720}.longfor|Any CPU.Build.0 = longfor|Any CPU
		{706E4735-DB76-4359-8E2C-83AB42FC4720}.Release|Any CPU.ActiveCfg = Release|Any CPU
		{706E4735-DB76-4359-8E2C-83AB42FC4720}.Release|Any CPU.Build.0 = Release|Any CPU
		{1F5AFC99-0364-4653-B93B-EF8A42729485}.Debug|Any CPU.ActiveCfg = Debug|Any CPU
		{1F5AFC99-0364-4653-B93B-EF8A42729485}.Debug|Any CPU.Build.0 = Debug|Any CPU
		{1F5AFC99-0364-4653-B93B-EF8A42729485}.junfa|Any CPU.ActiveCfg = Release|Any CPU
		{1F5AFC99-0364-4653-B93B-EF8A42729485}.junfa|Any CPU.Build.0 = Release|Any CPU
		{1F5AFC99-0364-4653-B93B-EF8A42729485}.longfor|Any CPU.ActiveCfg = Release|Any CPU
		{1F5AFC99-0364-4653-B93B-EF8A42729485}.longfor|Any CPU.Build.0 = Release|Any CPU
		{1F5AFC99-0364-4653-B93B-EF8A42729485}.Release|Any CPU.ActiveCfg = Release|Any CPU
		{1F5AFC99-0364-4653-B93B-EF8A42729485}.Release|Any CPU.Build.0 = Release|Any CPU
		{2F09FE39-F06B-4686-9FEF-33589C3F9625}.Debug|Any CPU.ActiveCfg = Debug|Any CPU
		{2F09FE39-F06B-4686-9FEF-33589C3F9625}.Debug|Any CPU.Build.0 = Debug|Any CPU
		{2F09FE39-F06B-4686-9FEF-33589C3F9625}.junfa|Any CPU.ActiveCfg = junfa|Any CPU
		{2F09FE39-F06B-4686-9FEF-33589C3F9625}.junfa|Any CPU.Build.0 = junfa|Any CPU
		{2F09FE39-F06B-4686-9FEF-33589C3F9625}.longfor|Any CPU.ActiveCfg = longfor|Any CPU
		{2F09FE39-F06B-4686-9FEF-33589C3F9625}.longfor|Any CPU.Build.0 = longfor|Any CPU
		{2F09FE39-F06B-4686-9FEF-33589C3F9625}.Release|Any CPU.ActiveCfg = Release|Any CPU
		{2F09FE39-F06B-4686-9FEF-33589C3F9625}.Release|Any CPU.Build.0 = Release|Any CPU
		{FA6E69C6-02FA-4CE9-B77E-C00DB7A12D58}.Debug|Any CPU.ActiveCfg = Debug|Any CPU
		{FA6E69C6-02FA-4CE9-B77E-C00DB7A12D58}.Debug|Any CPU.Build.0 = Debug|Any CPU
		{FA6E69C6-02FA-4CE9-B77E-C00DB7A12D58}.junfa|Any CPU.ActiveCfg = junfa|Any CPU
		{FA6E69C6-02FA-4CE9-B77E-C00DB7A12D58}.junfa|Any CPU.Build.0 = junfa|Any CPU
		{FA6E69C6-02FA-4CE9-B77E-C00DB7A12D58}.longfor|Any CPU.ActiveCfg = longfor|Any CPU
		{FA6E69C6-02FA-4CE9-B77E-C00DB7A12D58}.longfor|Any CPU.Build.0 = longfor|Any CPU
		{FA6E69C6-02FA-4CE9-B77E-C00DB7A12D58}.Release|Any CPU.ActiveCfg = Release|Any CPU
		{FA6E69C6-02FA-4CE9-B77E-C00DB7A12D58}.Release|Any CPU.Build.0 = Release|Any CPU
		{5F14E379-8BF6-4363-85F8-5081386FD5D7}.Debug|Any CPU.ActiveCfg = Debug|Any CPU
		{5F14E379-8BF6-4363-85F8-5081386FD5D7}.Debug|Any CPU.Build.0 = Debug|Any CPU
		{5F14E379-8BF6-4363-85F8-5081386FD5D7}.junfa|Any CPU.ActiveCfg = junfa|Any CPU
		{5F14E379-8BF6-4363-85F8-5081386FD5D7}.junfa|Any CPU.Build.0 = junfa|Any CPU
		{5F14E379-8BF6-4363-85F8-5081386FD5D7}.longfor|Any CPU.ActiveCfg = longfor|Any CPU
		{5F14E379-8BF6-4363-85F8-5081386FD5D7}.longfor|Any CPU.Build.0 = longfor|Any CPU
		{5F14E379-8BF6-4363-85F8-5081386FD5D7}.Release|Any CPU.ActiveCfg = Release|Any CPU
		{5F14E379-8BF6-4363-85F8-5081386FD5D7}.Release|Any CPU.Build.0 = Release|Any CPU
		{9073B99C-92F4-4BA7-9089-128241A01920}.Debug|Any CPU.ActiveCfg = Debug|Any CPU
		{9073B99C-92F4-4BA7-9089-128241A01920}.Debug|Any CPU.Build.0 = Debug|Any CPU
		{9073B99C-92F4-4BA7-9089-128241A01920}.junfa|Any CPU.ActiveCfg = junfa|Any CPU
		{9073B99C-92F4-4BA7-9089-128241A01920}.junfa|Any CPU.Build.0 = junfa|Any CPU
		{9073B99C-92F4-4BA7-9089-128241A01920}.longfor|Any CPU.ActiveCfg = longfor|Any CPU
		{9073B99C-92F4-4BA7-9089-128241A01920}.longfor|Any CPU.Build.0 = longfor|Any CPU
		{9073B99C-92F4-4BA7-9089-128241A01920}.Release|Any CPU.ActiveCfg = Release|Any CPU
		{9073B99C-92F4-4BA7-9089-128241A01920}.Release|Any CPU.Build.0 = Release|Any CPU
		{2D118299-DB72-4B8E-B8BF-774665E19A09}.Debug|Any CPU.ActiveCfg = Debug|Any CPU
		{2D118299-DB72-4B8E-B8BF-774665E19A09}.Debug|Any CPU.Build.0 = Debug|Any CPU
		{2D118299-DB72-4B8E-B8BF-774665E19A09}.junfa|Any CPU.ActiveCfg = junfa|Any CPU
		{2D118299-DB72-4B8E-B8BF-774665E19A09}.junfa|Any CPU.Build.0 = junfa|Any CPU
		{2D118299-DB72-4B8E-B8BF-774665E19A09}.longfor|Any CPU.ActiveCfg = longfor|Any CPU
		{2D118299-DB72-4B8E-B8BF-774665E19A09}.longfor|Any CPU.Build.0 = longfor|Any CPU
		{2D118299-DB72-4B8E-B8BF-774665E19A09}.Release|Any CPU.ActiveCfg = Release|Any CPU
		{2D118299-DB72-4B8E-B8BF-774665E19A09}.Release|Any CPU.Build.0 = Release|Any CPU
		{10F5A1AA-97B5-4105-9752-ED149C8DAE4C}.Debug|Any CPU.ActiveCfg = Debug|Any CPU
		{10F5A1AA-97B5-4105-9752-ED149C8DAE4C}.Debug|Any CPU.Build.0 = Debug|Any CPU
		{10F5A1AA-97B5-4105-9752-ED149C8DAE4C}.junfa|Any CPU.ActiveCfg = Release|Any CPU
		{10F5A1AA-97B5-4105-9752-ED149C8DAE4C}.junfa|Any CPU.Build.0 = Release|Any CPU
		{10F5A1AA-97B5-4105-9752-ED149C8DAE4C}.longfor|Any CPU.ActiveCfg = Release|Any CPU
		{10F5A1AA-97B5-4105-9752-ED149C8DAE4C}.longfor|Any CPU.Build.0 = Release|Any CPU
		{10F5A1AA-97B5-4105-9752-ED149C8DAE4C}.Release|Any CPU.ActiveCfg = Release|Any CPU
		{10F5A1AA-97B5-4105-9752-ED149C8DAE4C}.Release|Any CPU.Build.0 = Release|Any CPU
		{6E2DC2C0-C5F4-4B23-AB5F-A97E6FAB8FA5}.Debug|Any CPU.ActiveCfg = Debug|Any CPU
		{6E2DC2C0-C5F4-4B23-AB5F-A97E6FAB8FA5}.Debug|Any CPU.Build.0 = Debug|Any CPU
		{6E2DC2C0-C5F4-4B23-AB5F-A97E6FAB8FA5}.junfa|Any CPU.ActiveCfg = junfa|Any CPU
		{6E2DC2C0-C5F4-4B23-AB5F-A97E6FAB8FA5}.junfa|Any CPU.Build.0 = junfa|Any CPU
		{6E2DC2C0-C5F4-4B23-AB5F-A97E6FAB8FA5}.longfor|Any CPU.ActiveCfg = longfor|Any CPU
		{6E2DC2C0-C5F4-4B23-AB5F-A97E6FAB8FA5}.longfor|Any CPU.Build.0 = longfor|Any CPU
		{6E2DC2C0-C5F4-4B23-AB5F-A97E6FAB8FA5}.Release|Any CPU.ActiveCfg = Release|Any CPU
		{6E2DC2C0-C5F4-4B23-AB5F-A97E6FAB8FA5}.Release|Any CPU.Build.0 = Release|Any CPU
	EndGlobalSection
	GlobalSection(SolutionProperties) = preSolution
		HideSolutionNode = FALSE
	EndGlobalSection
	GlobalSection(NestedProjects) = preSolution
		{706E4735-DB76-4359-8E2C-83AB42FC4720} = {0AC6FC42-9989-4AB0-8430-0598DE3A380D}
		{1F5AFC99-0364-4653-B93B-EF8A42729485} = {0AC6FC42-9989-4AB0-8430-0598DE3A380D}
		{2F09FE39-F06B-4686-9FEF-33589C3F9625} = {434D5FCF-1F79-42E2-B1EE-7D4C2226FADB}
		{5F14E379-8BF6-4363-85F8-5081386FD5D7} = {0AC6FC42-9989-4AB0-8430-0598DE3A380D}
		{9073B99C-92F4-4BA7-9089-128241A01920} = {047FA33D-F64F-4BD4-9103-6F8480C7B6FC}
		{2D118299-DB72-4B8E-B8BF-774665E19A09} = {047FA33D-F64F-4BD4-9103-6F8480C7B6FC}
		{6E2DC2C0-C5F4-4B23-AB5F-A97E6FAB8FA5} = {434D5FCF-1F79-42E2-B1EE-7D4C2226FADB}
	EndGlobalSection
EndGlobal
