
Microsoft Visual Studio Solution File, Format Version 11.00
# Visual Studio 2010
Project("{2150E333-8FDC-42A3-9474-1A3956D46DE8}") = "Apps", "Apps", "{14CA7BFD-43A9-4574-8EED-42BC8D0DD1F1}"
EndProject
Project("{2150E333-8FDC-42A3-9474-1A3956D46DE8}") = "Kernel", "Kernel", "{E04F8B71-54D3-44F1-BA53-3BE01EFAAD0E}"
EndProject
Project("{FAE04EC0-301F-11D3-BF4B-00C04F79EFBC}") = "Apps", "Apps\Apps.csproj", "{A1F5A0D3-954F-4E7F-BB3A-59807805B0C0}"
EndProject
Project("{FAE04EC0-301F-11D3-BF4B-00C04F79EFBC}") = "Apps.TestSuite", "Apps.TestSuite\Apps.TestSuite.csproj", "{8B7AD1B1-7209-4CD2-8C75-5A4ED8601D9A}"
EndProject
Project("{FAE04EC0-301F-11D3-BF4B-00C04F79EFBC}") = "Membership", "..\Membership\Membership\Membership.csproj", "{9A63480D-AE1B-485B-A813-9F0E50FD7BC7}"
EndProject
Project("{FAE04EC0-301F-11D3-BF4B-00C04F79EFBC}") = "Membership.TestSuite", "..\Membership\Membership.TestSuite\Membership.TestSuite.csproj", "{C0215779-5C42-4F53-8AB3-90F8B87B1069}"
EndProject
Project("{2150E333-8FDC-42A3-9474-1A3956D46DE8}") = "Membership", "Membership", "{05AA485C-DE32-48D4-BAC2-0765E23CF165}"
EndProject
Project("{FAE04EC0-301F-11D3-BF4B-00C04F79EFBC}") = "WebSite.1.0.0", "..\WebSite\1.0.0\WebSite.1.0.0.csproj", "{21E32951-0975-46E5-86A9-2F60B35F4DB1}"
EndProject
Project("{FAE04EC0-301F-11D3-BF4B-00C04F79EFBC}") = "Apps.Security", "Apps.Security\Apps.Security.csproj", "{BB939888-99AB-428B-9BCB-83DF9B3DA21E}"
EndProject
Project("{FAE04EC0-301F-11D3-BF4B-00C04F79EFBC}") = "Apps.Tools.FeatureEditor", "Apps.Tools.FeatureEditor\Apps.Tools.FeatureEditor.csproj", "{BBBB9FE3-D066-4581-9E69-500DA547C535}"
EndProject
Project("{FAE04EC0-301F-11D3-BF4B-00C04F79EFBC}") = "Apps.Tools.SQLGenerator", "Apps.Tools.SQLGenerator\Apps.Tools.SQLGenerator.csproj", "{557AAA5B-FBDC-4950-B1D4-B296F7477FF5}"
EndProject
Global
	GlobalSection(SolutionConfigurationPlatforms) = preSolution
		Debug|Any CPU = Debug|Any CPU
		junfa|Any CPU = junfa|Any CPU
		longfor|Any CPU = longfor|Any CPU
		Release|Any CPU = Release|Any CPU
	EndGlobalSection
	GlobalSection(ProjectConfigurationPlatforms) = postSolution
		{A1F5A0D3-954F-4E7F-BB3A-59807805B0C0}.Debug|Any CPU.ActiveCfg = Debug|Any CPU
		{A1F5A0D3-954F-4E7F-BB3A-59807805B0C0}.Debug|Any CPU.Build.0 = Debug|Any CPU
		{A1F5A0D3-954F-4E7F-BB3A-59807805B0C0}.junfa|Any CPU.ActiveCfg = junfa|Any CPU
		{A1F5A0D3-954F-4E7F-BB3A-59807805B0C0}.junfa|Any CPU.Build.0 = junfa|Any CPU
		{A1F5A0D3-954F-4E7F-BB3A-59807805B0C0}.longfor|Any CPU.ActiveCfg = longfor|Any CPU
		{A1F5A0D3-954F-4E7F-BB3A-59807805B0C0}.longfor|Any CPU.Build.0 = longfor|Any CPU
		{A1F5A0D3-954F-4E7F-BB3A-59807805B0C0}.Release|Any CPU.ActiveCfg = Release|Any CPU
		{A1F5A0D3-954F-4E7F-BB3A-59807805B0C0}.Release|Any CPU.Build.0 = Release|Any CPU
		{8B7AD1B1-7209-4CD2-8C75-5A4ED8601D9A}.Debug|Any CPU.ActiveCfg = Debug|Any CPU
		{8B7AD1B1-7209-4CD2-8C75-5A4ED8601D9A}.Debug|Any CPU.Build.0 = Debug|Any CPU
		{8B7AD1B1-7209-4CD2-8C75-5A4ED8601D9A}.junfa|Any CPU.ActiveCfg = Release|Any CPU
		{8B7AD1B1-7209-4CD2-8C75-5A4ED8601D9A}.junfa|Any CPU.Build.0 = Release|Any CPU
		{8B7AD1B1-7209-4CD2-8C75-5A4ED8601D9A}.longfor|Any CPU.ActiveCfg = Release|Any CPU
		{8B7AD1B1-7209-4CD2-8C75-5A4ED8601D9A}.longfor|Any CPU.Build.0 = Release|Any CPU
		{8B7AD1B1-7209-4CD2-8C75-5A4ED8601D9A}.Release|Any CPU.ActiveCfg = Release|Any CPU
		{8B7AD1B1-7209-4CD2-8C75-5A4ED8601D9A}.Release|Any CPU.Build.0 = Release|Any CPU
		{9A63480D-AE1B-485B-A813-9F0E50FD7BC7}.Debug|Any CPU.ActiveCfg = Debug|Any CPU
		{9A63480D-AE1B-485B-A813-9F0E50FD7BC7}.Debug|Any CPU.Build.0 = Debug|Any CPU
		{9A63480D-AE1B-485B-A813-9F0E50FD7BC7}.junfa|Any CPU.ActiveCfg = junfa|Any CPU
		{9A63480D-AE1B-485B-A813-9F0E50FD7BC7}.junfa|Any CPU.Build.0 = junfa|Any CPU
		{9A63480D-AE1B-485B-A813-9F0E50FD7BC7}.longfor|Any CPU.ActiveCfg = longfor|Any CPU
		{9A63480D-AE1B-485B-A813-9F0E50FD7BC7}.longfor|Any CPU.Build.0 = longfor|Any CPU
		{9A63480D-AE1B-485B-A813-9F0E50FD7BC7}.Release|Any CPU.ActiveCfg = Release|Any CPU
		{9A63480D-AE1B-485B-A813-9F0E50FD7BC7}.Release|Any CPU.Build.0 = Release|Any CPU
		{C0215779-5C42-4F53-8AB3-90F8B87B1069}.Debug|Any CPU.ActiveCfg = Debug|Any CPU
		{C0215779-5C42-4F53-8AB3-90F8B87B1069}.Debug|Any CPU.Build.0 = Debug|Any CPU
		{C0215779-5C42-4F53-8AB3-90F8B87B1069}.junfa|Any CPU.ActiveCfg = junfa|Any CPU
		{C0215779-5C42-4F53-8AB3-90F8B87B1069}.junfa|Any CPU.Build.0 = junfa|Any CPU
		{C0215779-5C42-4F53-8AB3-90F8B87B1069}.longfor|Any CPU.ActiveCfg = longfor|Any CPU
		{C0215779-5C42-4F53-8AB3-90F8B87B1069}.longfor|Any CPU.Build.0 = longfor|Any CPU
		{C0215779-5C42-4F53-8AB3-90F8B87B1069}.Release|Any CPU.ActiveCfg = Release|Any CPU
		{C0215779-5C42-4F53-8AB3-90F8B87B1069}.Release|Any CPU.Build.0 = Release|Any CPU
		{21E32951-0975-46E5-86A9-2F60B35F4DB1}.Debug|Any CPU.ActiveCfg = Debug|Any CPU
		{21E32951-0975-46E5-86A9-2F60B35F4DB1}.Debug|Any CPU.Build.0 = Debug|Any CPU
		{21E32951-0975-46E5-86A9-2F60B35F4DB1}.junfa|Any CPU.ActiveCfg = junfa|Any CPU
		{21E32951-0975-46E5-86A9-2F60B35F4DB1}.junfa|Any CPU.Build.0 = junfa|Any CPU
		{21E32951-0975-46E5-86A9-2F60B35F4DB1}.longfor|Any CPU.ActiveCfg = longfor|Any CPU
		{21E32951-0975-46E5-86A9-2F60B35F4DB1}.longfor|Any CPU.Build.0 = longfor|Any CPU
		{21E32951-0975-46E5-86A9-2F60B35F4DB1}.Release|Any CPU.ActiveCfg = Release|Any CPU
		{21E32951-0975-46E5-86A9-2F60B35F4DB1}.Release|Any CPU.Build.0 = Release|Any CPU
		{BB939888-99AB-428B-9BCB-83DF9B3DA21E}.Debug|Any CPU.ActiveCfg = Debug|Any CPU
		{BB939888-99AB-428B-9BCB-83DF9B3DA21E}.Debug|Any CPU.Build.0 = Debug|Any CPU
		{BB939888-99AB-428B-9BCB-83DF9B3DA21E}.junfa|Any CPU.ActiveCfg = junfa|Any CPU
		{BB939888-99AB-428B-9BCB-83DF9B3DA21E}.junfa|Any CPU.Build.0 = junfa|Any CPU
		{BB939888-99AB-428B-9BCB-83DF9B3DA21E}.longfor|Any CPU.ActiveCfg = longfor|Any CPU
		{BB939888-99AB-428B-9BCB-83DF9B3DA21E}.longfor|Any CPU.Build.0 = longfor|Any CPU
		{BB939888-99AB-428B-9BCB-83DF9B3DA21E}.Release|Any CPU.ActiveCfg = Release|Any CPU
		{BB939888-99AB-428B-9BCB-83DF9B3DA21E}.Release|Any CPU.Build.0 = Release|Any CPU
		{BBBB9FE3-D066-4581-9E69-500DA547C535}.Debug|Any CPU.ActiveCfg = Debug|Any CPU
		{BBBB9FE3-D066-4581-9E69-500DA547C535}.Debug|Any CPU.Build.0 = Debug|Any CPU
		{BBBB9FE3-D066-4581-9E69-500DA547C535}.junfa|Any CPU.ActiveCfg = junfa|Any CPU
		{BBBB9FE3-D066-4581-9E69-500DA547C535}.junfa|Any CPU.Build.0 = junfa|Any CPU
		{BBBB9FE3-D066-4581-9E69-500DA547C535}.longfor|Any CPU.ActiveCfg = longfor|Any CPU
		{BBBB9FE3-D066-4581-9E69-500DA547C535}.longfor|Any CPU.Build.0 = longfor|Any CPU
		{BBBB9FE3-D066-4581-9E69-500DA547C535}.Release|Any CPU.ActiveCfg = Release|Any CPU
		{BBBB9FE3-D066-4581-9E69-500DA547C535}.Release|Any CPU.Build.0 = Release|Any CPU
		{557AAA5B-FBDC-4950-B1D4-B296F7477FF5}.Debug|Any CPU.ActiveCfg = Debug|Any CPU
		{557AAA5B-FBDC-4950-B1D4-B296F7477FF5}.Debug|Any CPU.Build.0 = Debug|Any CPU
		{557AAA5B-FBDC-4950-B1D4-B296F7477FF5}.junfa|Any CPU.ActiveCfg = junfa|Any CPU
		{557AAA5B-FBDC-4950-B1D4-B296F7477FF5}.junfa|Any CPU.Build.0 = junfa|Any CPU
		{557AAA5B-FBDC-4950-B1D4-B296F7477FF5}.longfor|Any CPU.ActiveCfg = longfor|Any CPU
		{557AAA5B-FBDC-4950-B1D4-B296F7477FF5}.longfor|Any CPU.Build.0 = longfor|Any CPU
		{557AAA5B-FBDC-4950-B1D4-B296F7477FF5}.Release|Any CPU.ActiveCfg = Release|Any CPU
		{557AAA5B-FBDC-4950-B1D4-B296F7477FF5}.Release|Any CPU.Build.0 = Release|Any CPU
	EndGlobalSection
	GlobalSection(SolutionProperties) = preSolution
		HideSolutionNode = FALSE
	EndGlobalSection
	GlobalSection(NestedProjects) = preSolution
		{A1F5A0D3-954F-4E7F-BB3A-59807805B0C0} = {14CA7BFD-43A9-4574-8EED-42BC8D0DD1F1}
		{8B7AD1B1-7209-4CD2-8C75-5A4ED8601D9A} = {14CA7BFD-43A9-4574-8EED-42BC8D0DD1F1}
		{BB939888-99AB-428B-9BCB-83DF9B3DA21E} = {14CA7BFD-43A9-4574-8EED-42BC8D0DD1F1}
		{BBBB9FE3-D066-4581-9E69-500DA547C535} = {14CA7BFD-43A9-4574-8EED-42BC8D0DD1F1}
		{557AAA5B-FBDC-4950-B1D4-B296F7477FF5} = {14CA7BFD-43A9-4574-8EED-42BC8D0DD1F1}
		{C0215779-5C42-4F53-8AB3-90F8B87B1069} = {05AA485C-DE32-48D4-BAC2-0765E23CF165}
		{9A63480D-AE1B-485B-A813-9F0E50FD7BC7} = {05AA485C-DE32-48D4-BAC2-0765E23CF165}
	EndGlobalSection
EndGlobal
