
Microsoft Visual Studio Solution File, Format Version 11.00
# Visual Studio 2010
Project("{2150E333-8FDC-42A3-9474-1A3956D46DE8}") = "Kernel", "Kernel", "{E04F8B71-54D3-44F1-BA53-3BE01EFAAD0E}"
EndProject
Project("{FAE04EC0-301F-11D3-BF4B-00C04F79EFBC}") = "Apps", "Apps\Apps.csproj", "{A1F5A0D3-954F-4E7F-BB3A-59807805B0C0}"
EndProject
Project("{FAE04EC0-301F-11D3-BF4B-00C04F79EFBC}") = "Membership", "..\Membership\Membership\Membership.csproj", "{9A63480D-AE1B-485B-A813-9F0E50FD7BC7}"
EndProject
Project("{2150E333-8FDC-42A3-9474-1A3956D46DE8}") = "Membership", "Membership", "{05AA485C-DE32-48D4-BAC2-0765E23CF165}"
EndProject
Project("{FAE04EC0-301F-11D3-BF4B-00C04F79EFBC}") = "Apps.Security", "Apps.Security\Apps.Security.csproj", "{BB939888-99AB-428B-9BCB-83DF9B3DA21E}"
EndProject
Project("{FAE04EC0-301F-11D3-BF4B-00C04F79EFBC}") = "Support", "..\Kernel\Support\Support.csproj", "{2F09FE39-F06B-4686-9FEF-33589C3F9625}"
EndProject
Project("{FAE04EC0-301F-11D3-BF4B-00C04F79EFBC}") = "Apps.Tests", "Apps.Tests\Apps.Tests.csproj", "{8B7AD1B1-7209-4CD2-8C75-5A4ED8601D9A}"
EndProject
Project("{2150E333-8FDC-42A3-9474-1A3956D46DE8}") = "Tasks", "Tasks", "{D203977E-6297-4CE8-BFB8-FD3C4808E2CB}"
EndProject
Project("{FAE04EC0-301F-11D3-BF4B-00C04F79EFBC}") = "Tasks", "..\Tasks\Tasks\Tasks.csproj", "{9073B99C-92F4-4BA7-9089-128241A01920}"
EndProject
Project("{FAE04EC0-301F-11D3-BF4B-00C04F79EFBC}") = "Tasks.Tests", "..\Tasks\Tasks.Tests\Tasks.Tests.csproj", "{2D118299-DB72-4B8E-B8BF-774665E19A09}"
EndProject
Project("{FAE04EC0-301F-11D3-BF4B-00C04F79EFBC}") = "Abstractions", "..\Kernel\Abstractions\Abstractions.csproj", "{6E2DC2C0-C5F4-4B23-AB5F-A97E6FAB8FA5}"
EndProject
Global
	GlobalSection(SolutionConfigurationPlatforms) = preSolution
		Debug|Any CPU = Debug|Any CPU
		Release|Any CPU = Release|Any CPU
	EndGlobalSection
	GlobalSection(ProjectConfigurationPlatforms) = postSolution
		{A1F5A0D3-954F-4E7F-BB3A-59807805B0C0}.Debug|Any CPU.ActiveCfg = Debug|Any CPU
		{A1F5A0D3-954F-4E7F-BB3A-59807805B0C0}.Debug|Any CPU.Build.0 = Debug|Any CPU
		{A1F5A0D3-954F-4E7F-BB3A-59807805B0C0}.Release|Any CPU.ActiveCfg = Release|Any CPU
		{A1F5A0D3-954F-4E7F-BB3A-59807805B0C0}.Release|Any CPU.Build.0 = Release|Any CPU
		{9A63480D-AE1B-485B-A813-9F0E50FD7BC7}.Debug|Any CPU.ActiveCfg = Debug|Any CPU
		{9A63480D-AE1B-485B-A813-9F0E50FD7BC7}.Debug|Any CPU.Build.0 = Debug|Any CPU
		{9A63480D-AE1B-485B-A813-9F0E50FD7BC7}.Release|Any CPU.ActiveCfg = Release|Any CPU
		{9A63480D-AE1B-485B-A813-9F0E50FD7BC7}.Release|Any CPU.Build.0 = Release|Any CPU
		{BB939888-99AB-428B-9BCB-83DF9B3DA21E}.Debug|Any CPU.ActiveCfg = Debug|Any CPU
		{BB939888-99AB-428B-9BCB-83DF9B3DA21E}.Debug|Any CPU.Build.0 = Debug|Any CPU
		{BB939888-99AB-428B-9BCB-83DF9B3DA21E}.Release|Any CPU.ActiveCfg = Release|Any CPU
		{BB939888-99AB-428B-9BCB-83DF9B3DA21E}.Release|Any CPU.Build.0 = Release|Any CPU
		{2F09FE39-F06B-4686-9FEF-33589C3F9625}.Debug|Any CPU.ActiveCfg = Debug|Any CPU
		{2F09FE39-F06B-4686-9FEF-33589C3F9625}.Debug|Any CPU.Build.0 = Debug|Any CPU
		{2F09FE39-F06B-4686-9FEF-33589C3F9625}.Release|Any CPU.ActiveCfg = Release|Any CPU
		{2F09FE39-F06B-4686-9FEF-33589C3F9625}.Release|Any CPU.Build.0 = Release|Any CPU
		{8B7AD1B1-7209-4CD2-8C75-5A4ED8601D9A}.Debug|Any CPU.ActiveCfg = Debug|Any CPU
		{8B7AD1B1-7209-4CD2-8C75-5A4ED8601D9A}.Debug|Any CPU.Build.0 = Debug|Any CPU
		{8B7AD1B1-7209-4CD2-8C75-5A4ED8601D9A}.Release|Any CPU.ActiveCfg = Release|Any CPU
		{8B7AD1B1-7209-4CD2-8C75-5A4ED8601D9A}.Release|Any CPU.Build.0 = Release|Any CPU
		{9073B99C-92F4-4BA7-9089-128241A01920}.Debug|Any CPU.ActiveCfg = Debug|Any CPU
		{9073B99C-92F4-4BA7-9089-128241A01920}.Debug|Any CPU.Build.0 = Debug|Any CPU
		{9073B99C-92F4-4BA7-9089-128241A01920}.Release|Any CPU.ActiveCfg = Release|Any CPU
		{9073B99C-92F4-4BA7-9089-128241A01920}.Release|Any CPU.Build.0 = Release|Any CPU
		{2D118299-DB72-4B8E-B8BF-774665E19A09}.Debug|Any CPU.ActiveCfg = Debug|Any CPU
		{2D118299-DB72-4B8E-B8BF-774665E19A09}.Debug|Any CPU.Build.0 = Debug|Any CPU
		{2D118299-DB72-4B8E-B8BF-774665E19A09}.Release|Any CPU.ActiveCfg = Release|Any CPU
		{2D118299-DB72-4B8E-B8BF-774665E19A09}.Release|Any CPU.Build.0 = Release|Any CPU
		{6E2DC2C0-C5F4-4B23-AB5F-A97E6FAB8FA5}.Debug|Any CPU.ActiveCfg = Debug|Any CPU
		{6E2DC2C0-C5F4-4B23-AB5F-A97E6FAB8FA5}.Debug|Any CPU.Build.0 = Debug|Any CPU
		{6E2DC2C0-C5F4-4B23-AB5F-A97E6FAB8FA5}.Release|Any CPU.ActiveCfg = Release|Any CPU
		{6E2DC2C0-C5F4-4B23-AB5F-A97E6FAB8FA5}.Release|Any CPU.Build.0 = Release|Any CPU
	EndGlobalSection
	GlobalSection(SolutionProperties) = preSolution
		HideSolutionNode = FALSE
	EndGlobalSection
	GlobalSection(NestedProjects) = preSolution
		{2F09FE39-F06B-4686-9FEF-33589C3F9625} = {E04F8B71-54D3-44F1-BA53-3BE01EFAAD0E}
		{6E2DC2C0-C5F4-4B23-AB5F-A97E6FAB8FA5} = {E04F8B71-54D3-44F1-BA53-3BE01EFAAD0E}
		{9A63480D-AE1B-485B-A813-9F0E50FD7BC7} = {05AA485C-DE32-48D4-BAC2-0765E23CF165}
		{9073B99C-92F4-4BA7-9089-128241A01920} = {D203977E-6297-4CE8-BFB8-FD3C4808E2CB}
		{2D118299-DB72-4B8E-B8BF-774665E19A09} = {D203977E-6297-4CE8-BFB8-FD3C4808E2CB}
	EndGlobalSection
EndGlobal
