
Microsoft Visual Studio Solution File, Format Version 12.00
# Visual Studio 2013
VisualStudioVersion = 12.0.40629.0
MinimumVisualStudioVersion = 10.0.40219.1
Project("{FAE04EC0-301F-11D3-BF4B-00C04F79EFBC}") = "Bugs", "Bugs\Bugs.csproj", "{062C885B-2A42-4191-B6C5-68C344927ABD}"
EndProject
Project("{FAE04EC0-301F-11D3-BF4B-00C04F79EFBC}") = "Bugs.Tests", "Bugs.Tests\Bugs.Tests.csproj", "{732A66F3-38CC-4F96-A46E-A3410677EB06}"
EndProject
Project("{FAE04EC0-301F-11D3-BF4B-00C04F79EFBC}") = "Cost", "..\Cost\Cost\Cost.csproj", "{711CE270-71E7-4C72-AEB3-EEE7B1A545F4}"
EndProject
Project("{2150E333-8FDC-42A3-9474-1A3956D46DE8}") = "Cost", "Cost", "{3CB27BDA-34E7-47FA-8E97-883E1CD6831B}"
EndProject
Project("{FAE04EC0-301F-11D3-BF4B-00C04F79EFBC}") = "Cost.Tests", "..\Cost\Cost.Tests\Cost.Tests.csproj", "{012BC97F-CE63-465E-956F-F28651B1C606}"
EndProject
Project("{FAE04EC0-301F-11D3-BF4B-00C04F79EFBC}") = "WebSite.2.2.0", "..\..\WebSite\2.2.0\WebSite.2.2.0.csproj", "{976E32DF-CF25-4C6A-876B-82F69A7A138A}"
EndProject
Project("{FAE04EC0-301F-11D3-BF4B-00C04F79EFBC}") = "Projects", "..\..\Projects\Projects\Projects.csproj", "{1321F618-6C09-460E-8EA1-17BEF46FF7C0}"
EndProject
Project("{FAE04EC0-301F-11D3-BF4B-00C04F79EFBC}") = "Projects.Tests", "..\..\Projects\Projects.Tests\Projects.Tests.csproj", "{912D4036-A190-42D5-89F3-89839817BB0C}"
EndProject
Project("{FAE04EC0-301F-11D3-BF4B-00C04F79EFBC}") = "Bugs.Mvc", "Bugs.Mvc\Bugs.Mvc.csproj", "{CE318051-4F76-4852-9CF1-4A8B22D67D41}"
EndProject
Project("{FAE04EC0-301F-11D3-BF4B-00C04F79EFBC}") = "Cost.Mvc", "..\Cost\Cost.Mvc\Cost.Mvc.csproj", "{A914CF0C-A569-40FB-AFD7-C2E48C944147}"
EndProject
Project("{2150E333-8FDC-42A3-9474-1A3956D46DE8}") = "Bugs", "Bugs", "{E31268A9-84A1-49E8-85EF-8F39F834E6EB}"
EndProject
Project("{2150E333-8FDC-42A3-9474-1A3956D46DE8}") = "Projects", "Projects", "{77D7EAC1-07AC-4401-BD0E-0843AC7E3924}"
EndProject
Global
	GlobalSection(SolutionConfigurationPlatforms) = preSolution
		Debug|Any CPU = Debug|Any CPU
		junfa|Any CPU = junfa|Any CPU
		longfor|Any CPU = longfor|Any CPU
		Release|Any CPU = Release|Any CPU
	EndGlobalSection
	GlobalSection(ProjectConfigurationPlatforms) = postSolution
		{062C885B-2A42-4191-B6C5-68C344927ABD}.Debug|Any CPU.ActiveCfg = Debug|Any CPU
		{062C885B-2A42-4191-B6C5-68C344927ABD}.Debug|Any CPU.Build.0 = Debug|Any CPU
		{062C885B-2A42-4191-B6C5-68C344927ABD}.junfa|Any CPU.ActiveCfg = junfa|Any CPU
		{062C885B-2A42-4191-B6C5-68C344927ABD}.junfa|Any CPU.Build.0 = junfa|Any CPU
		{062C885B-2A42-4191-B6C5-68C344927ABD}.longfor|Any CPU.ActiveCfg = longfor|Any CPU
		{062C885B-2A42-4191-B6C5-68C344927ABD}.longfor|Any CPU.Build.0 = longfor|Any CPU
		{062C885B-2A42-4191-B6C5-68C344927ABD}.Release|Any CPU.ActiveCfg = Release|Any CPU
		{062C885B-2A42-4191-B6C5-68C344927ABD}.Release|Any CPU.Build.0 = Release|Any CPU
		{732A66F3-38CC-4F96-A46E-A3410677EB06}.Debug|Any CPU.ActiveCfg = Debug|Any CPU
		{732A66F3-38CC-4F96-A46E-A3410677EB06}.Debug|Any CPU.Build.0 = Debug|Any CPU
		{732A66F3-38CC-4F96-A46E-A3410677EB06}.junfa|Any CPU.ActiveCfg = Release|Any CPU
		{732A66F3-38CC-4F96-A46E-A3410677EB06}.junfa|Any CPU.Build.0 = Release|Any CPU
		{732A66F3-38CC-4F96-A46E-A3410677EB06}.longfor|Any CPU.ActiveCfg = Release|Any CPU
		{732A66F3-38CC-4F96-A46E-A3410677EB06}.longfor|Any CPU.Build.0 = Release|Any CPU
		{732A66F3-38CC-4F96-A46E-A3410677EB06}.Release|Any CPU.ActiveCfg = Release|Any CPU
		{732A66F3-38CC-4F96-A46E-A3410677EB06}.Release|Any CPU.Build.0 = Release|Any CPU
		{711CE270-71E7-4C72-AEB3-EEE7B1A545F4}.Debug|Any CPU.ActiveCfg = Debug|Any CPU
		{711CE270-71E7-4C72-AEB3-EEE7B1A545F4}.Debug|Any CPU.Build.0 = Debug|Any CPU
		{711CE270-71E7-4C72-AEB3-EEE7B1A545F4}.junfa|Any CPU.ActiveCfg = Release|Any CPU
		{711CE270-71E7-4C72-AEB3-EEE7B1A545F4}.junfa|Any CPU.Build.0 = Release|Any CPU
		{711CE270-71E7-4C72-AEB3-EEE7B1A545F4}.longfor|Any CPU.ActiveCfg = Release|Any CPU
		{711CE270-71E7-4C72-AEB3-EEE7B1A545F4}.longfor|Any CPU.Build.0 = Release|Any CPU
		{711CE270-71E7-4C72-AEB3-EEE7B1A545F4}.Release|Any CPU.ActiveCfg = Release|Any CPU
		{711CE270-71E7-4C72-AEB3-EEE7B1A545F4}.Release|Any CPU.Build.0 = Release|Any CPU
		{012BC97F-CE63-465E-956F-F28651B1C606}.Debug|Any CPU.ActiveCfg = Debug|Any CPU
		{012BC97F-CE63-465E-956F-F28651B1C606}.Debug|Any CPU.Build.0 = Debug|Any CPU
		{012BC97F-CE63-465E-956F-F28651B1C606}.junfa|Any CPU.ActiveCfg = Release|Any CPU
		{012BC97F-CE63-465E-956F-F28651B1C606}.junfa|Any CPU.Build.0 = Release|Any CPU
		{012BC97F-CE63-465E-956F-F28651B1C606}.longfor|Any CPU.ActiveCfg = Release|Any CPU
		{012BC97F-CE63-465E-956F-F28651B1C606}.longfor|Any CPU.Build.0 = Release|Any CPU
		{012BC97F-CE63-465E-956F-F28651B1C606}.Release|Any CPU.ActiveCfg = Release|Any CPU
		{012BC97F-CE63-465E-956F-F28651B1C606}.Release|Any CPU.Build.0 = Release|Any CPU
		{976E32DF-CF25-4C6A-876B-82F69A7A138A}.Debug|Any CPU.ActiveCfg = Debug|Any CPU
		{976E32DF-CF25-4C6A-876B-82F69A7A138A}.Debug|Any CPU.Build.0 = Debug|Any CPU
		{976E32DF-CF25-4C6A-876B-82F69A7A138A}.junfa|Any CPU.ActiveCfg = junfa|Any CPU
		{976E32DF-CF25-4C6A-876B-82F69A7A138A}.junfa|Any CPU.Build.0 = junfa|Any CPU
		{976E32DF-CF25-4C6A-876B-82F69A7A138A}.longfor|Any CPU.ActiveCfg = longfor|Any CPU
		{976E32DF-CF25-4C6A-876B-82F69A7A138A}.longfor|Any CPU.Build.0 = longfor|Any CPU
		{976E32DF-CF25-4C6A-876B-82F69A7A138A}.Release|Any CPU.ActiveCfg = Release|Any CPU
		{976E32DF-CF25-4C6A-876B-82F69A7A138A}.Release|Any CPU.Build.0 = Release|Any CPU
		{1321F618-6C09-460E-8EA1-17BEF46FF7C0}.Debug|Any CPU.ActiveCfg = Debug|Any CPU
		{1321F618-6C09-460E-8EA1-17BEF46FF7C0}.Debug|Any CPU.Build.0 = Debug|Any CPU
		{1321F618-6C09-460E-8EA1-17BEF46FF7C0}.junfa|Any CPU.ActiveCfg = junfa|Any CPU
		{1321F618-6C09-460E-8EA1-17BEF46FF7C0}.junfa|Any CPU.Build.0 = junfa|Any CPU
		{1321F618-6C09-460E-8EA1-17BEF46FF7C0}.longfor|Any CPU.ActiveCfg = longfor|Any CPU
		{1321F618-6C09-460E-8EA1-17BEF46FF7C0}.longfor|Any CPU.Build.0 = longfor|Any CPU
		{1321F618-6C09-460E-8EA1-17BEF46FF7C0}.Release|Any CPU.ActiveCfg = Release|Any CPU
		{1321F618-6C09-460E-8EA1-17BEF46FF7C0}.Release|Any CPU.Build.0 = Release|Any CPU
		{912D4036-A190-42D5-89F3-89839817BB0C}.Debug|Any CPU.ActiveCfg = Debug|Any CPU
		{912D4036-A190-42D5-89F3-89839817BB0C}.Debug|Any CPU.Build.0 = Debug|Any CPU
		{912D4036-A190-42D5-89F3-89839817BB0C}.junfa|Any CPU.ActiveCfg = junfa|Any CPU
		{912D4036-A190-42D5-89F3-89839817BB0C}.junfa|Any CPU.Build.0 = junfa|Any CPU
		{912D4036-A190-42D5-89F3-89839817BB0C}.longfor|Any CPU.ActiveCfg = longfor|Any CPU
		{912D4036-A190-42D5-89F3-89839817BB0C}.longfor|Any CPU.Build.0 = longfor|Any CPU
		{912D4036-A190-42D5-89F3-89839817BB0C}.Release|Any CPU.ActiveCfg = Release|Any CPU
		{912D4036-A190-42D5-89F3-89839817BB0C}.Release|Any CPU.Build.0 = Release|Any CPU
		{CE318051-4F76-4852-9CF1-4A8B22D67D41}.Debug|Any CPU.ActiveCfg = Debug|Any CPU
		{CE318051-4F76-4852-9CF1-4A8B22D67D41}.Debug|Any CPU.Build.0 = Debug|Any CPU
		{CE318051-4F76-4852-9CF1-4A8B22D67D41}.junfa|Any CPU.ActiveCfg = Release|Any CPU
		{CE318051-4F76-4852-9CF1-4A8B22D67D41}.junfa|Any CPU.Build.0 = Release|Any CPU
		{CE318051-4F76-4852-9CF1-4A8B22D67D41}.longfor|Any CPU.ActiveCfg = Release|Any CPU
		{CE318051-4F76-4852-9CF1-4A8B22D67D41}.longfor|Any CPU.Build.0 = Release|Any CPU
		{CE318051-4F76-4852-9CF1-4A8B22D67D41}.Release|Any CPU.ActiveCfg = Release|Any CPU
		{CE318051-4F76-4852-9CF1-4A8B22D67D41}.Release|Any CPU.Build.0 = Release|Any CPU
		{A914CF0C-A569-40FB-AFD7-C2E48C944147}.Debug|Any CPU.ActiveCfg = Debug|Any CPU
		{A914CF0C-A569-40FB-AFD7-C2E48C944147}.Debug|Any CPU.Build.0 = Debug|Any CPU
		{A914CF0C-A569-40FB-AFD7-C2E48C944147}.junfa|Any CPU.ActiveCfg = Release|Any CPU
		{A914CF0C-A569-40FB-AFD7-C2E48C944147}.junfa|Any CPU.Build.0 = Release|Any CPU
		{A914CF0C-A569-40FB-AFD7-C2E48C944147}.longfor|Any CPU.ActiveCfg = Release|Any CPU
		{A914CF0C-A569-40FB-AFD7-C2E48C944147}.longfor|Any CPU.Build.0 = Release|Any CPU
		{A914CF0C-A569-40FB-AFD7-C2E48C944147}.Release|Any CPU.ActiveCfg = Release|Any CPU
		{A914CF0C-A569-40FB-AFD7-C2E48C944147}.Release|Any CPU.Build.0 = Release|Any CPU
	EndGlobalSection
	GlobalSection(SolutionProperties) = preSolution
		HideSolutionNode = FALSE
	EndGlobalSection
	GlobalSection(NestedProjects) = preSolution
		{062C885B-2A42-4191-B6C5-68C344927ABD} = {E31268A9-84A1-49E8-85EF-8F39F834E6EB}
		{732A66F3-38CC-4F96-A46E-A3410677EB06} = {E31268A9-84A1-49E8-85EF-8F39F834E6EB}
		{711CE270-71E7-4C72-AEB3-EEE7B1A545F4} = {3CB27BDA-34E7-47FA-8E97-883E1CD6831B}
		{012BC97F-CE63-465E-956F-F28651B1C606} = {3CB27BDA-34E7-47FA-8E97-883E1CD6831B}
		{1321F618-6C09-460E-8EA1-17BEF46FF7C0} = {77D7EAC1-07AC-4401-BD0E-0843AC7E3924}
		{912D4036-A190-42D5-89F3-89839817BB0C} = {77D7EAC1-07AC-4401-BD0E-0843AC7E3924}
		{CE318051-4F76-4852-9CF1-4A8B22D67D41} = {E31268A9-84A1-49E8-85EF-8F39F834E6EB}
		{A914CF0C-A569-40FB-AFD7-C2E48C944147} = {3CB27BDA-34E7-47FA-8E97-883E1CD6831B}
	EndGlobalSection
EndGlobal
