
Microsoft Visual Studio Solution File, Format Version 12.00
# Visual Studio 2013
VisualStudioVersion = 12.0.31101.0
MinimumVisualStudioVersion = 10.0.40219.1
Project("{2150E333-8FDC-42A3-9474-1A3956D46DE8}") = "Kernel", "Kernel", "{D417AE64-5C73-4844-8BC6-B96BD9020B0E}"
EndProject
Project("{2150E333-8FDC-42A3-9474-1A3956D46DE8}") = "Web", "Web", "{4CA5385D-DBBB-4AFD-B12A-59C16E7FDF5F}"
EndProject
Project("{2150E333-8FDC-42A3-9474-1A3956D46DE8}") = "Apps", "Apps", "{6467EF09-D78B-4AD0-8C79-304CEE0521F5}"
EndProject
Project("{2150E333-8FDC-42A3-9474-1A3956D46DE8}") = "Connect", "Connect", "{1454ADF4-E18E-4F1A-853F-DA0411C79888}"
EndProject
Project("{2150E333-8FDC-42A3-9474-1A3956D46DE8}") = "Membership", "Membership", "{4ABB000E-F8BB-44F6-B627-1AE993A969BE}"
EndProject
Project("{FAE04EC0-301F-11D3-BF4B-00C04F79EFBC}") = "WebSite.1.0.0", "..\WebSite\1.0.0\WebSite.1.0.0.csproj", "{FA6E69C6-02FA-4CE9-B77E-C00DB7A12D58}"
EndProject
Project("{FAE04EC0-301F-11D3-BF4B-00C04F79EFBC}") = "Web", "Web\Web.csproj", "{9CD9D5BA-DC38-44A9-81D8-2696AAA67E9C}"
EndProject
Project("{FAE04EC0-301F-11D3-BF4B-00C04F79EFBC}") = "Web.APIs", "Web.APIs\Web.APIs.csproj", "{298A1C39-A186-4032-AFD1-4D40F9278182}"
EndProject
Project("{FAE04EC0-301F-11D3-BF4B-00C04F79EFBC}") = "Support", "..\Kernel\Support\Support.csproj", "{2F09FE39-F06B-4686-9FEF-33589C3F9625}"
EndProject
Project("{FAE04EC0-301F-11D3-BF4B-00C04F79EFBC}") = "Abstractions", "..\Kernel\Abstractions\Abstractions.csproj", "{6E2DC2C0-C5F4-4B23-AB5F-A97E6FAB8FA5}"
EndProject
Project("{FAE04EC0-301F-11D3-BF4B-00C04F79EFBC}") = "Web.Tests", "Web.Tests\Web.Tests.csproj", "{5999BC80-B981-477C-9E7E-3B978701E6EE}"
EndProject
Project("{FAE04EC0-301F-11D3-BF4B-00C04F79EFBC}") = "Web.Mixed", "Web.Mixed\Web.Mixed.csproj", "{F7CAF23B-11F5-46EA-B264-9C2F8D7020F1}"
EndProject
Project("{FAE04EC0-301F-11D3-BF4B-00C04F79EFBC}") = "Abstractions.Tests", "..\Kernel\Abstractions.Tests\Abstractions.Tests.csproj", "{4D318185-EC06-4B08-A02E-0EE221E067E4}"
EndProject
Project("{FAE04EC0-301F-11D3-BF4B-00C04F79EFBC}") = "Apps", "..\Apps\Apps\Apps.csproj", "{A1F5A0D3-954F-4E7F-BB3A-59807805B0C0}"
EndProject
Project("{FAE04EC0-301F-11D3-BF4B-00C04F79EFBC}") = "Connect", "..\Connect\Connect\Connect.csproj", "{706E4735-DB76-4359-8E2C-83AB42FC4720}"
EndProject
Project("{FAE04EC0-301F-11D3-BF4B-00C04F79EFBC}") = "Connect.Tests", "..\Connect\Connect.Tests\Connect.Tests.csproj", "{1F5AFC99-0364-4653-B93B-EF8A42729485}"
EndProject
Project("{FAE04EC0-301F-11D3-BF4B-00C04F79EFBC}") = "Membership", "..\Membership\Membership\Membership.csproj", "{9A63480D-AE1B-485B-A813-9F0E50FD7BC7}"
EndProject
Project("{FAE04EC0-301F-11D3-BF4B-00C04F79EFBC}") = "Apps.Tests", "..\Apps\Apps.Tests\Apps.Tests.csproj", "{8B7AD1B1-7209-4CD2-8C75-5A4ED8601D9A}"
EndProject
Project("{FAE04EC0-301F-11D3-BF4B-00C04F79EFBC}") = "Web.Auth", "Web.Auth\Web.Auth.csproj", "{EA0AE267-36F2-49AC-A740-F1CB4B8966B4}"
EndProject
Global
	GlobalSection(SolutionConfigurationPlatforms) = preSolution
		Debug|Any CPU = Debug|Any CPU
		junfa|Any CPU = junfa|Any CPU
		longfor|Any CPU = longfor|Any CPU
		Release|Any CPU = Release|Any CPU
	EndGlobalSection
	GlobalSection(ProjectConfigurationPlatforms) = postSolution
		{FA6E69C6-02FA-4CE9-B77E-C00DB7A12D58}.Debug|Any CPU.ActiveCfg = Debug|Any CPU
		{FA6E69C6-02FA-4CE9-B77E-C00DB7A12D58}.Debug|Any CPU.Build.0 = Debug|Any CPU
		{FA6E69C6-02FA-4CE9-B77E-C00DB7A12D58}.junfa|Any CPU.ActiveCfg = junfa|Any CPU
		{FA6E69C6-02FA-4CE9-B77E-C00DB7A12D58}.junfa|Any CPU.Build.0 = junfa|Any CPU
		{FA6E69C6-02FA-4CE9-B77E-C00DB7A12D58}.longfor|Any CPU.ActiveCfg = longfor|Any CPU
		{FA6E69C6-02FA-4CE9-B77E-C00DB7A12D58}.longfor|Any CPU.Build.0 = longfor|Any CPU
		{FA6E69C6-02FA-4CE9-B77E-C00DB7A12D58}.Release|Any CPU.ActiveCfg = Release|Any CPU
		{FA6E69C6-02FA-4CE9-B77E-C00DB7A12D58}.Release|Any CPU.Build.0 = Release|Any CPU
		{9CD9D5BA-DC38-44A9-81D8-2696AAA67E9C}.Debug|Any CPU.ActiveCfg = Debug|Any CPU
		{9CD9D5BA-DC38-44A9-81D8-2696AAA67E9C}.Debug|Any CPU.Build.0 = Debug|Any CPU
		{9CD9D5BA-DC38-44A9-81D8-2696AAA67E9C}.junfa|Any CPU.ActiveCfg = Release|Any CPU
		{9CD9D5BA-DC38-44A9-81D8-2696AAA67E9C}.junfa|Any CPU.Build.0 = Release|Any CPU
		{9CD9D5BA-DC38-44A9-81D8-2696AAA67E9C}.longfor|Any CPU.ActiveCfg = Release|Any CPU
		{9CD9D5BA-DC38-44A9-81D8-2696AAA67E9C}.longfor|Any CPU.Build.0 = Release|Any CPU
		{9CD9D5BA-DC38-44A9-81D8-2696AAA67E9C}.Release|Any CPU.ActiveCfg = Release|Any CPU
		{9CD9D5BA-DC38-44A9-81D8-2696AAA67E9C}.Release|Any CPU.Build.0 = Release|Any CPU
		{298A1C39-A186-4032-AFD1-4D40F9278182}.Debug|Any CPU.ActiveCfg = Debug|Any CPU
		{298A1C39-A186-4032-AFD1-4D40F9278182}.Debug|Any CPU.Build.0 = Debug|Any CPU
		{298A1C39-A186-4032-AFD1-4D40F9278182}.junfa|Any CPU.ActiveCfg = Release|Any CPU
		{298A1C39-A186-4032-AFD1-4D40F9278182}.junfa|Any CPU.Build.0 = Release|Any CPU
		{298A1C39-A186-4032-AFD1-4D40F9278182}.longfor|Any CPU.ActiveCfg = Release|Any CPU
		{298A1C39-A186-4032-AFD1-4D40F9278182}.longfor|Any CPU.Build.0 = Release|Any CPU
		{298A1C39-A186-4032-AFD1-4D40F9278182}.Release|Any CPU.ActiveCfg = Release|Any CPU
		{298A1C39-A186-4032-AFD1-4D40F9278182}.Release|Any CPU.Build.0 = Release|Any CPU
		{2F09FE39-F06B-4686-9FEF-33589C3F9625}.Debug|Any CPU.ActiveCfg = Debug|Any CPU
		{2F09FE39-F06B-4686-9FEF-33589C3F9625}.Debug|Any CPU.Build.0 = Debug|Any CPU
		{2F09FE39-F06B-4686-9FEF-33589C3F9625}.junfa|Any CPU.ActiveCfg = junfa|Any CPU
		{2F09FE39-F06B-4686-9FEF-33589C3F9625}.junfa|Any CPU.Build.0 = junfa|Any CPU
		{2F09FE39-F06B-4686-9FEF-33589C3F9625}.longfor|Any CPU.ActiveCfg = longfor|Any CPU
		{2F09FE39-F06B-4686-9FEF-33589C3F9625}.longfor|Any CPU.Build.0 = longfor|Any CPU
		{2F09FE39-F06B-4686-9FEF-33589C3F9625}.Release|Any CPU.ActiveCfg = Release|Any CPU
		{2F09FE39-F06B-4686-9FEF-33589C3F9625}.Release|Any CPU.Build.0 = Release|Any CPU
		{6E2DC2C0-C5F4-4B23-AB5F-A97E6FAB8FA5}.Debug|Any CPU.ActiveCfg = Debug|Any CPU
		{6E2DC2C0-C5F4-4B23-AB5F-A97E6FAB8FA5}.Debug|Any CPU.Build.0 = Debug|Any CPU
		{6E2DC2C0-C5F4-4B23-AB5F-A97E6FAB8FA5}.junfa|Any CPU.ActiveCfg = junfa|Any CPU
		{6E2DC2C0-C5F4-4B23-AB5F-A97E6FAB8FA5}.junfa|Any CPU.Build.0 = junfa|Any CPU
		{6E2DC2C0-C5F4-4B23-AB5F-A97E6FAB8FA5}.longfor|Any CPU.ActiveCfg = longfor|Any CPU
		{6E2DC2C0-C5F4-4B23-AB5F-A97E6FAB8FA5}.longfor|Any CPU.Build.0 = longfor|Any CPU
		{6E2DC2C0-C5F4-4B23-AB5F-A97E6FAB8FA5}.Release|Any CPU.ActiveCfg = Release|Any CPU
		{6E2DC2C0-C5F4-4B23-AB5F-A97E6FAB8FA5}.Release|Any CPU.Build.0 = Release|Any CPU
		{5999BC80-B981-477C-9E7E-3B978701E6EE}.Debug|Any CPU.ActiveCfg = Debug|Any CPU
		{5999BC80-B981-477C-9E7E-3B978701E6EE}.Debug|Any CPU.Build.0 = Debug|Any CPU
		{5999BC80-B981-477C-9E7E-3B978701E6EE}.junfa|Any CPU.ActiveCfg = Release|Any CPU
		{5999BC80-B981-477C-9E7E-3B978701E6EE}.junfa|Any CPU.Build.0 = Release|Any CPU
		{5999BC80-B981-477C-9E7E-3B978701E6EE}.longfor|Any CPU.ActiveCfg = Release|Any CPU
		{5999BC80-B981-477C-9E7E-3B978701E6EE}.longfor|Any CPU.Build.0 = Release|Any CPU
		{5999BC80-B981-477C-9E7E-3B978701E6EE}.Release|Any CPU.ActiveCfg = Release|Any CPU
		{5999BC80-B981-477C-9E7E-3B978701E6EE}.Release|Any CPU.Build.0 = Release|Any CPU
		{F7CAF23B-11F5-46EA-B264-9C2F8D7020F1}.Debug|Any CPU.ActiveCfg = Debug|Any CPU
		{F7CAF23B-11F5-46EA-B264-9C2F8D7020F1}.Debug|Any CPU.Build.0 = Debug|Any CPU
		{F7CAF23B-11F5-46EA-B264-9C2F8D7020F1}.junfa|Any CPU.ActiveCfg = Release|Any CPU
		{F7CAF23B-11F5-46EA-B264-9C2F8D7020F1}.junfa|Any CPU.Build.0 = Release|Any CPU
		{F7CAF23B-11F5-46EA-B264-9C2F8D7020F1}.longfor|Any CPU.ActiveCfg = Release|Any CPU
		{F7CAF23B-11F5-46EA-B264-9C2F8D7020F1}.longfor|Any CPU.Build.0 = Release|Any CPU
		{F7CAF23B-11F5-46EA-B264-9C2F8D7020F1}.Release|Any CPU.ActiveCfg = Release|Any CPU
		{F7CAF23B-11F5-46EA-B264-9C2F8D7020F1}.Release|Any CPU.Build.0 = Release|Any CPU
		{4D318185-EC06-4B08-A02E-0EE221E067E4}.Debug|Any CPU.ActiveCfg = Debug|Any CPU
		{4D318185-EC06-4B08-A02E-0EE221E067E4}.Debug|Any CPU.Build.0 = Debug|Any CPU
		{4D318185-EC06-4B08-A02E-0EE221E067E4}.junfa|Any CPU.ActiveCfg = Release|Any CPU
		{4D318185-EC06-4B08-A02E-0EE221E067E4}.junfa|Any CPU.Build.0 = Release|Any CPU
		{4D318185-EC06-4B08-A02E-0EE221E067E4}.longfor|Any CPU.ActiveCfg = Release|Any CPU
		{4D318185-EC06-4B08-A02E-0EE221E067E4}.longfor|Any CPU.Build.0 = Release|Any CPU
		{4D318185-EC06-4B08-A02E-0EE221E067E4}.Release|Any CPU.ActiveCfg = Release|Any CPU
		{4D318185-EC06-4B08-A02E-0EE221E067E4}.Release|Any CPU.Build.0 = Release|Any CPU
		{A1F5A0D3-954F-4E7F-BB3A-59807805B0C0}.Debug|Any CPU.ActiveCfg = Debug|Any CPU
		{A1F5A0D3-954F-4E7F-BB3A-59807805B0C0}.Debug|Any CPU.Build.0 = Debug|Any CPU
		{A1F5A0D3-954F-4E7F-BB3A-59807805B0C0}.junfa|Any CPU.ActiveCfg = Release|Any CPU
		{A1F5A0D3-954F-4E7F-BB3A-59807805B0C0}.junfa|Any CPU.Build.0 = Release|Any CPU
		{A1F5A0D3-954F-4E7F-BB3A-59807805B0C0}.longfor|Any CPU.ActiveCfg = Release|Any CPU
		{A1F5A0D3-954F-4E7F-BB3A-59807805B0C0}.longfor|Any CPU.Build.0 = Release|Any CPU
		{A1F5A0D3-954F-4E7F-BB3A-59807805B0C0}.Release|Any CPU.ActiveCfg = Release|Any CPU
		{A1F5A0D3-954F-4E7F-BB3A-59807805B0C0}.Release|Any CPU.Build.0 = Release|Any CPU
		{706E4735-DB76-4359-8E2C-83AB42FC4720}.Debug|Any CPU.ActiveCfg = Debug|Any CPU
		{706E4735-DB76-4359-8E2C-83AB42FC4720}.Debug|Any CPU.Build.0 = Debug|Any CPU
		{706E4735-DB76-4359-8E2C-83AB42FC4720}.junfa|Any CPU.ActiveCfg = junfa|Any CPU
		{706E4735-DB76-4359-8E2C-83AB42FC4720}.junfa|Any CPU.Build.0 = junfa|Any CPU
		{706E4735-DB76-4359-8E2C-83AB42FC4720}.longfor|Any CPU.ActiveCfg = longfor|Any CPU
		{706E4735-DB76-4359-8E2C-83AB42FC4720}.longfor|Any CPU.Build.0 = longfor|Any CPU
		{706E4735-DB76-4359-8E2C-83AB42FC4720}.Release|Any CPU.ActiveCfg = Release|Any CPU
		{706E4735-DB76-4359-8E2C-83AB42FC4720}.Release|Any CPU.Build.0 = Release|Any CPU
		{1F5AFC99-0364-4653-B93B-EF8A42729485}.Debug|Any CPU.ActiveCfg = Debug|Any CPU
		{1F5AFC99-0364-4653-B93B-EF8A42729485}.Debug|Any CPU.Build.0 = Debug|Any CPU
		{1F5AFC99-0364-4653-B93B-EF8A42729485}.junfa|Any CPU.ActiveCfg = Release|Any CPU
		{1F5AFC99-0364-4653-B93B-EF8A42729485}.junfa|Any CPU.Build.0 = Release|Any CPU
		{1F5AFC99-0364-4653-B93B-EF8A42729485}.longfor|Any CPU.ActiveCfg = Release|Any CPU
		{1F5AFC99-0364-4653-B93B-EF8A42729485}.longfor|Any CPU.Build.0 = Release|Any CPU
		{1F5AFC99-0364-4653-B93B-EF8A42729485}.Release|Any CPU.ActiveCfg = Release|Any CPU
		{1F5AFC99-0364-4653-B93B-EF8A42729485}.Release|Any CPU.Build.0 = Release|Any CPU
		{9A63480D-AE1B-485B-A813-9F0E50FD7BC7}.Debug|Any CPU.ActiveCfg = Debug|Any CPU
		{9A63480D-AE1B-485B-A813-9F0E50FD7BC7}.Debug|Any CPU.Build.0 = Debug|Any CPU
		{9A63480D-AE1B-485B-A813-9F0E50FD7BC7}.junfa|Any CPU.ActiveCfg = junfa|Any CPU
		{9A63480D-AE1B-485B-A813-9F0E50FD7BC7}.junfa|Any CPU.Build.0 = junfa|Any CPU
		{9A63480D-AE1B-485B-A813-9F0E50FD7BC7}.longfor|Any CPU.ActiveCfg = longfor|Any CPU
		{9A63480D-AE1B-485B-A813-9F0E50FD7BC7}.longfor|Any CPU.Build.0 = longfor|Any CPU
		{9A63480D-AE1B-485B-A813-9F0E50FD7BC7}.Release|Any CPU.ActiveCfg = Release|Any CPU
		{9A63480D-AE1B-485B-A813-9F0E50FD7BC7}.Release|Any CPU.Build.0 = Release|Any CPU
		{8B7AD1B1-7209-4CD2-8C75-5A4ED8601D9A}.Debug|Any CPU.ActiveCfg = Debug|Any CPU
		{8B7AD1B1-7209-4CD2-8C75-5A4ED8601D9A}.Debug|Any CPU.Build.0 = Debug|Any CPU
		{8B7AD1B1-7209-4CD2-8C75-5A4ED8601D9A}.junfa|Any CPU.ActiveCfg = Release|Any CPU
		{8B7AD1B1-7209-4CD2-8C75-5A4ED8601D9A}.junfa|Any CPU.Build.0 = Release|Any CPU
		{8B7AD1B1-7209-4CD2-8C75-5A4ED8601D9A}.longfor|Any CPU.ActiveCfg = Release|Any CPU
		{8B7AD1B1-7209-4CD2-8C75-5A4ED8601D9A}.longfor|Any CPU.Build.0 = Release|Any CPU
		{8B7AD1B1-7209-4CD2-8C75-5A4ED8601D9A}.Release|Any CPU.ActiveCfg = Release|Any CPU
		{8B7AD1B1-7209-4CD2-8C75-5A4ED8601D9A}.Release|Any CPU.Build.0 = Release|Any CPU
		{EA0AE267-36F2-49AC-A740-F1CB4B8966B4}.Debug|Any CPU.ActiveCfg = Debug|Any CPU
		{EA0AE267-36F2-49AC-A740-F1CB4B8966B4}.Debug|Any CPU.Build.0 = Debug|Any CPU
		{EA0AE267-36F2-49AC-A740-F1CB4B8966B4}.junfa|Any CPU.ActiveCfg = junfa|Any CPU
		{EA0AE267-36F2-49AC-A740-F1CB4B8966B4}.junfa|Any CPU.Build.0 = junfa|Any CPU
		{EA0AE267-36F2-49AC-A740-F1CB4B8966B4}.longfor|Any CPU.ActiveCfg = longfor|Any CPU
		{EA0AE267-36F2-49AC-A740-F1CB4B8966B4}.longfor|Any CPU.Build.0 = longfor|Any CPU
		{EA0AE267-36F2-49AC-A740-F1CB4B8966B4}.Release|Any CPU.ActiveCfg = Release|Any CPU
		{EA0AE267-36F2-49AC-A740-F1CB4B8966B4}.Release|Any CPU.Build.0 = Release|Any CPU
	EndGlobalSection
	GlobalSection(SolutionProperties) = preSolution
		HideSolutionNode = FALSE
	EndGlobalSection
	GlobalSection(NestedProjects) = preSolution
		{9CD9D5BA-DC38-44A9-81D8-2696AAA67E9C} = {4CA5385D-DBBB-4AFD-B12A-59C16E7FDF5F}
		{298A1C39-A186-4032-AFD1-4D40F9278182} = {4CA5385D-DBBB-4AFD-B12A-59C16E7FDF5F}
		{2F09FE39-F06B-4686-9FEF-33589C3F9625} = {D417AE64-5C73-4844-8BC6-B96BD9020B0E}
		{6E2DC2C0-C5F4-4B23-AB5F-A97E6FAB8FA5} = {D417AE64-5C73-4844-8BC6-B96BD9020B0E}
		{5999BC80-B981-477C-9E7E-3B978701E6EE} = {4CA5385D-DBBB-4AFD-B12A-59C16E7FDF5F}
		{F7CAF23B-11F5-46EA-B264-9C2F8D7020F1} = {4CA5385D-DBBB-4AFD-B12A-59C16E7FDF5F}
		{4D318185-EC06-4B08-A02E-0EE221E067E4} = {D417AE64-5C73-4844-8BC6-B96BD9020B0E}
		{A1F5A0D3-954F-4E7F-BB3A-59807805B0C0} = {6467EF09-D78B-4AD0-8C79-304CEE0521F5}
		{706E4735-DB76-4359-8E2C-83AB42FC4720} = {1454ADF4-E18E-4F1A-853F-DA0411C79888}
		{1F5AFC99-0364-4653-B93B-EF8A42729485} = {1454ADF4-E18E-4F1A-853F-DA0411C79888}
		{9A63480D-AE1B-485B-A813-9F0E50FD7BC7} = {4ABB000E-F8BB-44F6-B627-1AE993A969BE}
		{8B7AD1B1-7209-4CD2-8C75-5A4ED8601D9A} = {6467EF09-D78B-4AD0-8C79-304CEE0521F5}
		{EA0AE267-36F2-49AC-A740-F1CB4B8966B4} = {4CA5385D-DBBB-4AFD-B12A-59C16E7FDF5F}
	EndGlobalSection
EndGlobal
