
Microsoft Visual Studio Solution File, Format Version 11.00
# Visual Studio 2010
Project("{FAE04EC0-301F-11D3-BF4B-00C04F79EFBC}") = "Storages", "Storages\Storages.csproj", "{A634FB9B-6CAB-4759-9FA5-E76B1CC108CD}"
EndProject
Project("{FAE04EC0-301F-11D3-BF4B-00C04F79EFBC}") = "Storages.Tests", "Storages.Tests\Storages.Tests.csproj", "{9E84EFBB-32D0-4F87-BCA0-DDA6DD63C5B7}"
EndProject
Project("{2150E333-8FDC-42A3-9474-1A3956D46DE8}") = "Tasks", "Tasks", "{D63AA9A3-B85E-420C-9052-8A01DCC9DBB8}"
EndProject
Project("{FAE04EC0-301F-11D3-BF4B-00C04F79EFBC}") = "Tasks", "..\Tasks\Tasks\Tasks.csproj", "{9073B99C-92F4-4BA7-9089-128241A01920}"
EndProject
Project("{FAE04EC0-301F-11D3-BF4B-00C04F79EFBC}") = "Tasks.Tests", "..\Tasks\Tasks.Tests\Tasks.Tests.csproj", "{2D118299-DB72-4B8E-B8BF-774665E19A09}"
EndProject
Project("{FAE04EC0-301F-11D3-BF4B-00C04F79EFBC}") = "Web", "..\Web\Web\Web.csproj", "{9CD9D5BA-DC38-44A9-81D8-2696AAA67E9C}"
EndProject
Global
	GlobalSection(SolutionConfigurationPlatforms) = preSolution
		Debug|Any CPU = Debug|Any CPU
		Release|Any CPU = Release|Any CPU
	EndGlobalSection
	GlobalSection(ProjectConfigurationPlatforms) = postSolution
		{A634FB9B-6CAB-4759-9FA5-E76B1CC108CD}.Debug|Any CPU.ActiveCfg = Debug|Any CPU
		{A634FB9B-6CAB-4759-9FA5-E76B1CC108CD}.Debug|Any CPU.Build.0 = Debug|Any CPU
		{A634FB9B-6CAB-4759-9FA5-E76B1CC108CD}.Release|Any CPU.ActiveCfg = Release|Any CPU
		{A634FB9B-6CAB-4759-9FA5-E76B1CC108CD}.Release|Any CPU.Build.0 = Release|Any CPU
		{9E84EFBB-32D0-4F87-BCA0-DDA6DD63C5B7}.Debug|Any CPU.ActiveCfg = Debug|Any CPU
		{9E84EFBB-32D0-4F87-BCA0-DDA6DD63C5B7}.Debug|Any CPU.Build.0 = Debug|Any CPU
		{9E84EFBB-32D0-4F87-BCA0-DDA6DD63C5B7}.Release|Any CPU.ActiveCfg = Release|Any CPU
		{9E84EFBB-32D0-4F87-BCA0-DDA6DD63C5B7}.Release|Any CPU.Build.0 = Release|Any CPU
		{9073B99C-92F4-4BA7-9089-128241A01920}.Debug|Any CPU.ActiveCfg = Debug|Any CPU
		{9073B99C-92F4-4BA7-9089-128241A01920}.Debug|Any CPU.Build.0 = Debug|Any CPU
		{9073B99C-92F4-4BA7-9089-128241A01920}.Release|Any CPU.ActiveCfg = Release|Any CPU
		{9073B99C-92F4-4BA7-9089-128241A01920}.Release|Any CPU.Build.0 = Release|Any CPU
		{2D118299-DB72-4B8E-B8BF-774665E19A09}.Debug|Any CPU.ActiveCfg = Debug|Any CPU
		{2D118299-DB72-4B8E-B8BF-774665E19A09}.Debug|Any CPU.Build.0 = Debug|Any CPU
		{2D118299-DB72-4B8E-B8BF-774665E19A09}.Release|Any CPU.ActiveCfg = Release|Any CPU
		{2D118299-DB72-4B8E-B8BF-774665E19A09}.Release|Any CPU.Build.0 = Release|Any CPU
		{9CD9D5BA-DC38-44A9-81D8-2696AAA67E9C}.Debug|Any CPU.ActiveCfg = Debug|Any CPU
		{9CD9D5BA-DC38-44A9-81D8-2696AAA67E9C}.Debug|Any CPU.Build.0 = Debug|Any CPU
		{9CD9D5BA-DC38-44A9-81D8-2696AAA67E9C}.Release|Any CPU.ActiveCfg = Release|Any CPU
		{9CD9D5BA-DC38-44A9-81D8-2696AAA67E9C}.Release|Any CPU.Build.0 = Release|Any CPU
	EndGlobalSection
	GlobalSection(SolutionProperties) = preSolution
		HideSolutionNode = FALSE
	EndGlobalSection
	GlobalSection(NestedProjects) = preSolution
		{9073B99C-92F4-4BA7-9089-128241A01920} = {D63AA9A3-B85E-420C-9052-8A01DCC9DBB8}
		{2D118299-DB72-4B8E-B8BF-774665E19A09} = {D63AA9A3-B85E-420C-9052-8A01DCC9DBB8}
	EndGlobalSection
EndGlobal
