
Microsoft Visual Studio Solution File, Format Version 11.00
# Visual Studio 2010
Project("{FAE04EC0-301F-11D3-BF4B-00C04F79EFBC}") = "Support", "Kernel\Support\Support.csproj", "{2F09FE39-F06B-4686-9FEF-33589C3F9625}"
EndProject
Project("{2150E333-8FDC-42A3-9474-1A3956D46DE8}") = "Kernel", "Kernel", "{51D5F130-A46C-45D7-BEE7-963A62523E5C}"
EndProject
Project("{2150E333-8FDC-42A3-9474-1A3956D46DE8}") = "Favorite", "Favorite", "{8C33C41A-F042-44AA-BE7C-920E6EDCE7B7}"
EndProject
Project("{FAE04EC0-301F-11D3-BF4B-00C04F79EFBC}") = "WebSite.1.0.0", "WebSite\1.0.0\WebSite.1.0.0.csproj", "{FA6E69C6-02FA-4CE9-B77E-C00DB7A12D58}"
EndProject
Project("{2150E333-8FDC-42A3-9474-1A3956D46DE8}") = "Services", "Services", "{B64683C3-F1D7-438D-B7D5-94BEB71F4D3E}"
EndProject
Project("{FAE04EC0-301F-11D3-BF4B-00C04F79EFBC}") = "Services", "Services\Services\Services.csproj", "{F83AF4B8-3A50-455B-A4EB-D6B040D56AB5}"
EndProject
Project("{FAE04EC0-301F-11D3-BF4B-00C04F79EFBC}") = "Services.TestSuite", "Services\Services.TestSuite\Services.TestSuite.csproj", "{27C0C3FA-810D-479A-ACCF-D1C44E97AC48}"
EndProject
Project("{FAE04EC0-301F-11D3-BF4B-00C04F79EFBC}") = "Services.Host", "Services\Services.Host\Services.Host.csproj", "{82A5CA45-2E85-4AE7-9379-2D402D86D2EC}"
EndProject
Project("{FAE04EC0-301F-11D3-BF4B-00C04F79EFBC}") = "Favorite", "Plugins\Favorite\Favorite\Favorite.csproj", "{B3FAB721-291B-429F-A236-C64C3B3027C7}"
EndProject
Project("{2150E333-8FDC-42A3-9474-1A3956D46DE8}") = "Apps", "Apps", "{461DD578-5E67-40C3-8054-4837D8955849}"
EndProject
Project("{FAE04EC0-301F-11D3-BF4B-00C04F79EFBC}") = "Abstractions", "Kernel\Abstractions\Abstractions.csproj", "{6E2DC2C0-C5F4-4B23-AB5F-A97E6FAB8FA5}"
EndProject
Project("{2150E333-8FDC-42A3-9474-1A3956D46DE8}") = "Velocity", "Velocity", "{59EA8ECC-D830-4B6E-AD49-7A86CF5B1E7C}"
EndProject
Project("{FAE04EC0-301F-11D3-BF4B-00C04F79EFBC}") = "Velocity", "Velocity\Velocity\Velocity.csproj", "{10AE9F9A-C23F-44D0-9E78-B4C125597ECE}"
EndProject
Project("{FAE04EC0-301F-11D3-BF4B-00C04F79EFBC}") = "Velocity.TestSuite", "Velocity\Velocity.TestSuite\Velocity.TestSuite.csproj", "{E1B10210-6A42-4993-B383-0F6AAC255A24}"
EndProject
Project("{FAE04EC0-301F-11D3-BF4B-00C04F79EFBC}") = "Sessions", "Sessions\Sessions\Sessions.csproj", "{A7313F17-191C-40AA-8CFC-68F8358A8B70}"
EndProject
Project("{2150E333-8FDC-42A3-9474-1A3956D46DE8}") = "Sessions", "Sessions", "{9576A85F-90F1-44ED-8896-01D1975D9E23}"
EndProject
Project("{FAE04EC0-301F-11D3-BF4B-00C04F79EFBC}") = "Sessions.TestSuite", "Sessions\Sessions.TestSuite\Sessions.TestSuite.csproj", "{CF3C9D6E-78F6-434F-80F9-9E324A2975C6}"
EndProject
Project("{FAE04EC0-301F-11D3-BF4B-00C04F79EFBC}") = "Apps", "Apps\Apps\Apps.csproj", "{A1F5A0D3-954F-4E7F-BB3A-59807805B0C0}"
EndProject
Project("{FAE04EC0-301F-11D3-BF4B-00C04F79EFBC}") = "Storages", "Storages\Storages\Storages.csproj", "{A634FB9B-6CAB-4759-9FA5-E76B1CC108CD}"
EndProject
Project("{2150E333-8FDC-42A3-9474-1A3956D46DE8}") = "Storages", "Storages", "{CF623DB7-5180-498E-83FF-44B70475DFD1}"
EndProject
Project("{FAE04EC0-301F-11D3-BF4B-00C04F79EFBC}") = "Storages.TestSuite", "Storages\Storages.TestSuite\Storages.TestSuite.csproj", "{9E84EFBB-32D0-4F87-BCA0-DDA6DD63C5B7}"
EndProject
Project("{2150E333-8FDC-42A3-9474-1A3956D46DE8}") = "ActiveDirectory", "ActiveDirectory", "{CBA58C52-6453-4C86-9F64-79BE93D69D02}"
EndProject
Project("{FAE04EC0-301F-11D3-BF4B-00C04F79EFBC}") = "ActiveDirectory", "ActiveDirectory\ActiveDirectory\ActiveDirectory.csproj", "{C6A0F863-E3CF-40B9-93BC-A2AA03E8F65C}"
EndProject
Project("{FAE04EC0-301F-11D3-BF4B-00C04F79EFBC}") = "Membership", "Membership\Membership\Membership.csproj", "{9A63480D-AE1B-485B-A813-9F0E50FD7BC7}"
EndProject
Project("{2150E333-8FDC-42A3-9474-1A3956D46DE8}") = "Location", "Location", "{88F72E1A-751A-469F-A37E-9C4BC677C696}"
EndProject
Project("{FAE04EC0-301F-11D3-BF4B-00C04F79EFBC}") = "Location.IPQuery", "Location\Location.IPQuery\Location.IPQuery.csproj", "{3BEC5F87-83DA-4790-B412-1B2AC12E8368}"
EndProject
Project("{2150E333-8FDC-42A3-9474-1A3956D46DE8}") = "Membership", "Membership", "{E4292CD7-063A-4EF0-AC0C-1A5DF749769E}"
EndProject
Project("{FAE04EC0-301F-11D3-BF4B-00C04F79EFBC}") = "Connect", "Connect\Connect\Connect.csproj", "{706E4735-DB76-4359-8E2C-83AB42FC4720}"
EndProject
Project("{2150E333-8FDC-42A3-9474-1A3956D46DE8}") = "Connect", "Connect", "{8721581B-1EA1-4D3B-B91C-A0106CFAB344}"
EndProject
Project("{FAE04EC0-301F-11D3-BF4B-00C04F79EFBC}") = "AttachmentStorage", "AttachmentStorage\AttachmentStorage\AttachmentStorage.csproj", "{C7B42323-11A4-4F0C-8F5F-E9FB9DBE079C}"
EndProject
Project("{2150E333-8FDC-42A3-9474-1A3956D46DE8}") = "AttachmentStorage", "AttachmentStorage", "{D4B5E2BB-3907-4D9A-A765-F635DB844DA4}"
EndProject
Project("{2150E333-8FDC-42A3-9474-1A3956D46DE8}") = "Tasks", "Tasks", "{A0567314-1244-46A6-9ECA-5B343AAA2A70}"
EndProject
Project("{FAE04EC0-301F-11D3-BF4B-00C04F79EFBC}") = "Tasks", "Tasks\Tasks\Tasks.csproj", "{9073B99C-92F4-4BA7-9089-128241A01920}"
EndProject
Project("{FAE04EC0-301F-11D3-BF4B-00C04F79EFBC}") = "Web", "Web\Web\Web.csproj", "{9CD9D5BA-DC38-44A9-81D8-2696AAA67E9C}"
EndProject
Project("{FAE04EC0-301F-11D3-BF4B-00C04F79EFBC}") = "Navigation", "Navigation\Navigation\Navigation.csproj", "{B2135273-6A03-433B-B1CE-4B73F1546141}"
EndProject
Project("{2150E333-8FDC-42A3-9474-1A3956D46DE8}") = "Navigation", "Navigation", "{827B9921-F857-4B42-93D0-AE4CECF53335}"
EndProject
Project("{2150E333-8FDC-42A3-9474-1A3956D46DE8}") = "Web", "Web", "{4FF64750-F3DD-4AD0-9146-FD43998DE465}"
EndProject
Project("{2150E333-8FDC-42A3-9474-1A3956D46DE8}") = "Email", "Email", "{6F250255-78C8-4B16-9F78-2A81F0177263}"
EndProject
Project("{FAE04EC0-301F-11D3-BF4B-00C04F79EFBC}") = "Email.Client", "Email\Email.Client\Email.Client.csproj", "{214EE227-2CEF-4062-A5AC-43FAB72AA554}"
EndProject
Project("{2150E333-8FDC-42A3-9474-1A3956D46DE8}") = "Entities", "Entities", "{24DE408E-208F-4644-A92F-D7C5394B915A}"
EndProject
Project("{FAE04EC0-301F-11D3-BF4B-00C04F79EFBC}") = "Entities", "Entities\Entities\Entities.csproj", "{02956B66-4BBF-446D-8961-60245CE6BA10}"
EndProject
Project("{FAE04EC0-301F-11D3-BF4B-00C04F79EFBC}") = "Web.APIs", "Web\Web.APIs\Web.APIs.csproj", "{298A1C39-A186-4032-AFD1-4D40F9278182}"
EndProject
Project("{FAE04EC0-301F-11D3-BF4B-00C04F79EFBC}") = "Web.TestSuite", "Web\Web.TestSuite\Web.TestSuite.csproj", "{5999BC80-B981-477C-9E7E-3B978701E6EE}"
EndProject
Project("{2150E333-8FDC-42A3-9474-1A3956D46DE8}") = "Contacts", "Contacts", "{0168638D-E9D5-4A02-9B0E-C2C2C76ACA55}"
EndProject
Project("{FAE04EC0-301F-11D3-BF4B-00C04F79EFBC}") = "Contacts", "Plugins\Contacts\Contacts\Contacts.csproj", "{2ECD3B7B-068F-410F-8D6D-A5C6735C2AE8}"
EndProject
Project("{FAE04EC0-301F-11D3-BF4B-00C04F79EFBC}") = "Contacts.TestSuite", "Plugins\Contacts\Contacts.TestSuite\Contacts.TestSuite.csproj", "{CAB0161C-DA35-4398-B831-23CBAB425731}"
EndProject
Project("{FAE04EC0-301F-11D3-BF4B-00C04F79EFBC}") = "Support.TestSuite", "Kernel\Support.Tests\Support.TestSuite.csproj", "{27D2AA7C-2B8D-4653-8E14-7B82CE59CBFC}"
EndProject
Project("{FAE04EC0-301F-11D3-BF4B-00C04F79EFBC}") = "Email.Client.Tests", "Email\Email.Client.Tests\Email.Client.Tests.csproj", "{6586AF2B-587F-4BFE-A239-8469E171D0C9}"
EndProject
Global
	GlobalSection(SolutionConfigurationPlatforms) = preSolution
		Debug|Any CPU = Debug|Any CPU
		junfa|Any CPU = junfa|Any CPU
		longfor|Any CPU = longfor|Any CPU
		Release|Any CPU = Release|Any CPU
	EndGlobalSection
	GlobalSection(ProjectConfigurationPlatforms) = postSolution
		{2F09FE39-F06B-4686-9FEF-33589C3F9625}.Debug|Any CPU.ActiveCfg = Debug|Any CPU
		{2F09FE39-F06B-4686-9FEF-33589C3F9625}.Debug|Any CPU.Build.0 = Debug|Any CPU
		{2F09FE39-F06B-4686-9FEF-33589C3F9625}.junfa|Any CPU.ActiveCfg = junfa|Any CPU
		{2F09FE39-F06B-4686-9FEF-33589C3F9625}.junfa|Any CPU.Build.0 = junfa|Any CPU
		{2F09FE39-F06B-4686-9FEF-33589C3F9625}.longfor|Any CPU.ActiveCfg = longfor|Any CPU
		{2F09FE39-F06B-4686-9FEF-33589C3F9625}.longfor|Any CPU.Build.0 = longfor|Any CPU
		{2F09FE39-F06B-4686-9FEF-33589C3F9625}.Release|Any CPU.ActiveCfg = Release|Any CPU
		{2F09FE39-F06B-4686-9FEF-33589C3F9625}.Release|Any CPU.Build.0 = Release|Any CPU
		{FA6E69C6-02FA-4CE9-B77E-C00DB7A12D58}.Debug|Any CPU.ActiveCfg = Debug|Any CPU
		{FA6E69C6-02FA-4CE9-B77E-C00DB7A12D58}.Debug|Any CPU.Build.0 = Debug|Any CPU
		{FA6E69C6-02FA-4CE9-B77E-C00DB7A12D58}.junfa|Any CPU.ActiveCfg = junfa|Any CPU
		{FA6E69C6-02FA-4CE9-B77E-C00DB7A12D58}.junfa|Any CPU.Build.0 = junfa|Any CPU
		{FA6E69C6-02FA-4CE9-B77E-C00DB7A12D58}.longfor|Any CPU.ActiveCfg = longfor|Any CPU
		{FA6E69C6-02FA-4CE9-B77E-C00DB7A12D58}.longfor|Any CPU.Build.0 = longfor|Any CPU
		{FA6E69C6-02FA-4CE9-B77E-C00DB7A12D58}.Release|Any CPU.ActiveCfg = Release|Any CPU
		{FA6E69C6-02FA-4CE9-B77E-C00DB7A12D58}.Release|Any CPU.Build.0 = Release|Any CPU
		{F83AF4B8-3A50-455B-A4EB-D6B040D56AB5}.Debug|Any CPU.ActiveCfg = Debug|Any CPU
		{F83AF4B8-3A50-455B-A4EB-D6B040D56AB5}.Debug|Any CPU.Build.0 = Debug|Any CPU
		{F83AF4B8-3A50-455B-A4EB-D6B040D56AB5}.junfa|Any CPU.ActiveCfg = Release|Any CPU
		{F83AF4B8-3A50-455B-A4EB-D6B040D56AB5}.junfa|Any CPU.Build.0 = Release|Any CPU
		{F83AF4B8-3A50-455B-A4EB-D6B040D56AB5}.longfor|Any CPU.ActiveCfg = Release|Any CPU
		{F83AF4B8-3A50-455B-A4EB-D6B040D56AB5}.longfor|Any CPU.Build.0 = Release|Any CPU
		{F83AF4B8-3A50-455B-A4EB-D6B040D56AB5}.Release|Any CPU.ActiveCfg = Release|Any CPU
		{F83AF4B8-3A50-455B-A4EB-D6B040D56AB5}.Release|Any CPU.Build.0 = Release|Any CPU
		{27C0C3FA-810D-479A-ACCF-D1C44E97AC48}.Debug|Any CPU.ActiveCfg = Debug|Any CPU
		{27C0C3FA-810D-479A-ACCF-D1C44E97AC48}.Debug|Any CPU.Build.0 = Debug|Any CPU
		{27C0C3FA-810D-479A-ACCF-D1C44E97AC48}.junfa|Any CPU.ActiveCfg = Release|Any CPU
		{27C0C3FA-810D-479A-ACCF-D1C44E97AC48}.junfa|Any CPU.Build.0 = Release|Any CPU
		{27C0C3FA-810D-479A-ACCF-D1C44E97AC48}.longfor|Any CPU.ActiveCfg = Release|Any CPU
		{27C0C3FA-810D-479A-ACCF-D1C44E97AC48}.longfor|Any CPU.Build.0 = Release|Any CPU
		{27C0C3FA-810D-479A-ACCF-D1C44E97AC48}.Release|Any CPU.ActiveCfg = Release|Any CPU
		{27C0C3FA-810D-479A-ACCF-D1C44E97AC48}.Release|Any CPU.Build.0 = Release|Any CPU
		{82A5CA45-2E85-4AE7-9379-2D402D86D2EC}.Debug|Any CPU.ActiveCfg = Debug|Any CPU
		{82A5CA45-2E85-4AE7-9379-2D402D86D2EC}.Debug|Any CPU.Build.0 = Debug|Any CPU
		{82A5CA45-2E85-4AE7-9379-2D402D86D2EC}.junfa|Any CPU.ActiveCfg = Release|Any CPU
		{82A5CA45-2E85-4AE7-9379-2D402D86D2EC}.junfa|Any CPU.Build.0 = Release|Any CPU
		{82A5CA45-2E85-4AE7-9379-2D402D86D2EC}.longfor|Any CPU.ActiveCfg = Release|Any CPU
		{82A5CA45-2E85-4AE7-9379-2D402D86D2EC}.longfor|Any CPU.Build.0 = Release|Any CPU
		{82A5CA45-2E85-4AE7-9379-2D402D86D2EC}.Release|Any CPU.ActiveCfg = Release|Any CPU
		{82A5CA45-2E85-4AE7-9379-2D402D86D2EC}.Release|Any CPU.Build.0 = Release|Any CPU
		{B3FAB721-291B-429F-A236-C64C3B3027C7}.Debug|Any CPU.ActiveCfg = Debug|Any CPU
		{B3FAB721-291B-429F-A236-C64C3B3027C7}.Debug|Any CPU.Build.0 = Debug|Any CPU
		{B3FAB721-291B-429F-A236-C64C3B3027C7}.junfa|Any CPU.ActiveCfg = junfa|Any CPU
		{B3FAB721-291B-429F-A236-C64C3B3027C7}.junfa|Any CPU.Build.0 = junfa|Any CPU
		{B3FAB721-291B-429F-A236-C64C3B3027C7}.longfor|Any CPU.ActiveCfg = longfor|Any CPU
		{B3FAB721-291B-429F-A236-C64C3B3027C7}.longfor|Any CPU.Build.0 = longfor|Any CPU
		{B3FAB721-291B-429F-A236-C64C3B3027C7}.Release|Any CPU.ActiveCfg = Release|Any CPU
		{B3FAB721-291B-429F-A236-C64C3B3027C7}.Release|Any CPU.Build.0 = Release|Any CPU
		{6E2DC2C0-C5F4-4B23-AB5F-A97E6FAB8FA5}.Debug|Any CPU.ActiveCfg = Debug|Any CPU
		{6E2DC2C0-C5F4-4B23-AB5F-A97E6FAB8FA5}.Debug|Any CPU.Build.0 = Debug|Any CPU
		{6E2DC2C0-C5F4-4B23-AB5F-A97E6FAB8FA5}.junfa|Any CPU.ActiveCfg = junfa|Any CPU
		{6E2DC2C0-C5F4-4B23-AB5F-A97E6FAB8FA5}.junfa|Any CPU.Build.0 = junfa|Any CPU
		{6E2DC2C0-C5F4-4B23-AB5F-A97E6FAB8FA5}.longfor|Any CPU.ActiveCfg = longfor|Any CPU
		{6E2DC2C0-C5F4-4B23-AB5F-A97E6FAB8FA5}.longfor|Any CPU.Build.0 = longfor|Any CPU
		{6E2DC2C0-C5F4-4B23-AB5F-A97E6FAB8FA5}.Release|Any CPU.ActiveCfg = Release|Any CPU
		{6E2DC2C0-C5F4-4B23-AB5F-A97E6FAB8FA5}.Release|Any CPU.Build.0 = Release|Any CPU
		{10AE9F9A-C23F-44D0-9E78-B4C125597ECE}.Debug|Any CPU.ActiveCfg = Debug|Any CPU
		{10AE9F9A-C23F-44D0-9E78-B4C125597ECE}.Debug|Any CPU.Build.0 = Debug|Any CPU
		{10AE9F9A-C23F-44D0-9E78-B4C125597ECE}.junfa|Any CPU.ActiveCfg = Release|Any CPU
		{10AE9F9A-C23F-44D0-9E78-B4C125597ECE}.junfa|Any CPU.Build.0 = Release|Any CPU
		{10AE9F9A-C23F-44D0-9E78-B4C125597ECE}.longfor|Any CPU.ActiveCfg = Release|Any CPU
		{10AE9F9A-C23F-44D0-9E78-B4C125597ECE}.longfor|Any CPU.Build.0 = Release|Any CPU
		{10AE9F9A-C23F-44D0-9E78-B4C125597ECE}.Release|Any CPU.ActiveCfg = Release|Any CPU
		{10AE9F9A-C23F-44D0-9E78-B4C125597ECE}.Release|Any CPU.Build.0 = Release|Any CPU
		{E1B10210-6A42-4993-B383-0F6AAC255A24}.Debug|Any CPU.ActiveCfg = Debug|Any CPU
		{E1B10210-6A42-4993-B383-0F6AAC255A24}.Debug|Any CPU.Build.0 = Debug|Any CPU
		{E1B10210-6A42-4993-B383-0F6AAC255A24}.junfa|Any CPU.ActiveCfg = Release|Any CPU
		{E1B10210-6A42-4993-B383-0F6AAC255A24}.junfa|Any CPU.Build.0 = Release|Any CPU
		{E1B10210-6A42-4993-B383-0F6AAC255A24}.longfor|Any CPU.ActiveCfg = Release|Any CPU
		{E1B10210-6A42-4993-B383-0F6AAC255A24}.longfor|Any CPU.Build.0 = Release|Any CPU
		{E1B10210-6A42-4993-B383-0F6AAC255A24}.Release|Any CPU.ActiveCfg = Release|Any CPU
		{E1B10210-6A42-4993-B383-0F6AAC255A24}.Release|Any CPU.Build.0 = Release|Any CPU
		{A7313F17-191C-40AA-8CFC-68F8358A8B70}.Debug|Any CPU.ActiveCfg = Debug|Any CPU
		{A7313F17-191C-40AA-8CFC-68F8358A8B70}.Debug|Any CPU.Build.0 = Debug|Any CPU
		{A7313F17-191C-40AA-8CFC-68F8358A8B70}.junfa|Any CPU.ActiveCfg = Release|Any CPU
		{A7313F17-191C-40AA-8CFC-68F8358A8B70}.junfa|Any CPU.Build.0 = Release|Any CPU
		{A7313F17-191C-40AA-8CFC-68F8358A8B70}.longfor|Any CPU.ActiveCfg = Release|Any CPU
		{A7313F17-191C-40AA-8CFC-68F8358A8B70}.longfor|Any CPU.Build.0 = Release|Any CPU
		{A7313F17-191C-40AA-8CFC-68F8358A8B70}.Release|Any CPU.ActiveCfg = Release|Any CPU
		{A7313F17-191C-40AA-8CFC-68F8358A8B70}.Release|Any CPU.Build.0 = Release|Any CPU
		{CF3C9D6E-78F6-434F-80F9-9E324A2975C6}.Debug|Any CPU.ActiveCfg = Debug|Any CPU
		{CF3C9D6E-78F6-434F-80F9-9E324A2975C6}.Debug|Any CPU.Build.0 = Debug|Any CPU
		{CF3C9D6E-78F6-434F-80F9-9E324A2975C6}.junfa|Any CPU.ActiveCfg = Release|Any CPU
		{CF3C9D6E-78F6-434F-80F9-9E324A2975C6}.junfa|Any CPU.Build.0 = Release|Any CPU
		{CF3C9D6E-78F6-434F-80F9-9E324A2975C6}.longfor|Any CPU.ActiveCfg = Release|Any CPU
		{CF3C9D6E-78F6-434F-80F9-9E324A2975C6}.longfor|Any CPU.Build.0 = Release|Any CPU
		{CF3C9D6E-78F6-434F-80F9-9E324A2975C6}.Release|Any CPU.ActiveCfg = Release|Any CPU
		{CF3C9D6E-78F6-434F-80F9-9E324A2975C6}.Release|Any CPU.Build.0 = Release|Any CPU
		{A1F5A0D3-954F-4E7F-BB3A-59807805B0C0}.Debug|Any CPU.ActiveCfg = Debug|Any CPU
		{A1F5A0D3-954F-4E7F-BB3A-59807805B0C0}.Debug|Any CPU.Build.0 = Debug|Any CPU
		{A1F5A0D3-954F-4E7F-BB3A-59807805B0C0}.junfa|Any CPU.ActiveCfg = junfa|Any CPU
		{A1F5A0D3-954F-4E7F-BB3A-59807805B0C0}.junfa|Any CPU.Build.0 = junfa|Any CPU
		{A1F5A0D3-954F-4E7F-BB3A-59807805B0C0}.longfor|Any CPU.ActiveCfg = longfor|Any CPU
		{A1F5A0D3-954F-4E7F-BB3A-59807805B0C0}.longfor|Any CPU.Build.0 = longfor|Any CPU
		{A1F5A0D3-954F-4E7F-BB3A-59807805B0C0}.Release|Any CPU.ActiveCfg = Release|Any CPU
		{A1F5A0D3-954F-4E7F-BB3A-59807805B0C0}.Release|Any CPU.Build.0 = Release|Any CPU
		{A634FB9B-6CAB-4759-9FA5-E76B1CC108CD}.Debug|Any CPU.ActiveCfg = Debug|Any CPU
		{A634FB9B-6CAB-4759-9FA5-E76B1CC108CD}.Debug|Any CPU.Build.0 = Debug|Any CPU
		{A634FB9B-6CAB-4759-9FA5-E76B1CC108CD}.junfa|Any CPU.ActiveCfg = junfa|Any CPU
		{A634FB9B-6CAB-4759-9FA5-E76B1CC108CD}.junfa|Any CPU.Build.0 = junfa|Any CPU
		{A634FB9B-6CAB-4759-9FA5-E76B1CC108CD}.longfor|Any CPU.ActiveCfg = longfor|Any CPU
		{A634FB9B-6CAB-4759-9FA5-E76B1CC108CD}.longfor|Any CPU.Build.0 = longfor|Any CPU
		{A634FB9B-6CAB-4759-9FA5-E76B1CC108CD}.Release|Any CPU.ActiveCfg = Release|Any CPU
		{A634FB9B-6CAB-4759-9FA5-E76B1CC108CD}.Release|Any CPU.Build.0 = Release|Any CPU
		{9E84EFBB-32D0-4F87-BCA0-DDA6DD63C5B7}.Debug|Any CPU.ActiveCfg = Debug|Any CPU
		{9E84EFBB-32D0-4F87-BCA0-DDA6DD63C5B7}.Debug|Any CPU.Build.0 = Debug|Any CPU
		{9E84EFBB-32D0-4F87-BCA0-DDA6DD63C5B7}.junfa|Any CPU.ActiveCfg = Release|Any CPU
		{9E84EFBB-32D0-4F87-BCA0-DDA6DD63C5B7}.junfa|Any CPU.Build.0 = Release|Any CPU
		{9E84EFBB-32D0-4F87-BCA0-DDA6DD63C5B7}.longfor|Any CPU.ActiveCfg = Release|Any CPU
		{9E84EFBB-32D0-4F87-BCA0-DDA6DD63C5B7}.longfor|Any CPU.Build.0 = Release|Any CPU
		{9E84EFBB-32D0-4F87-BCA0-DDA6DD63C5B7}.Release|Any CPU.ActiveCfg = Release|Any CPU
		{9E84EFBB-32D0-4F87-BCA0-DDA6DD63C5B7}.Release|Any CPU.Build.0 = Release|Any CPU
		{C6A0F863-E3CF-40B9-93BC-A2AA03E8F65C}.Debug|Any CPU.ActiveCfg = Debug|Any CPU
		{C6A0F863-E3CF-40B9-93BC-A2AA03E8F65C}.Debug|Any CPU.Build.0 = Debug|Any CPU
		{C6A0F863-E3CF-40B9-93BC-A2AA03E8F65C}.junfa|Any CPU.ActiveCfg = Release|Any CPU
		{C6A0F863-E3CF-40B9-93BC-A2AA03E8F65C}.junfa|Any CPU.Build.0 = Release|Any CPU
		{C6A0F863-E3CF-40B9-93BC-A2AA03E8F65C}.longfor|Any CPU.ActiveCfg = Release|Any CPU
		{C6A0F863-E3CF-40B9-93BC-A2AA03E8F65C}.longfor|Any CPU.Build.0 = Release|Any CPU
		{C6A0F863-E3CF-40B9-93BC-A2AA03E8F65C}.Release|Any CPU.ActiveCfg = Release|Any CPU
		{C6A0F863-E3CF-40B9-93BC-A2AA03E8F65C}.Release|Any CPU.Build.0 = Release|Any CPU
		{9A63480D-AE1B-485B-A813-9F0E50FD7BC7}.Debug|Any CPU.ActiveCfg = Debug|Any CPU
		{9A63480D-AE1B-485B-A813-9F0E50FD7BC7}.Debug|Any CPU.Build.0 = Debug|Any CPU
		{9A63480D-AE1B-485B-A813-9F0E50FD7BC7}.junfa|Any CPU.ActiveCfg = junfa|Any CPU
		{9A63480D-AE1B-485B-A813-9F0E50FD7BC7}.junfa|Any CPU.Build.0 = junfa|Any CPU
		{9A63480D-AE1B-485B-A813-9F0E50FD7BC7}.longfor|Any CPU.ActiveCfg = longfor|Any CPU
		{9A63480D-AE1B-485B-A813-9F0E50FD7BC7}.longfor|Any CPU.Build.0 = longfor|Any CPU
		{9A63480D-AE1B-485B-A813-9F0E50FD7BC7}.Release|Any CPU.ActiveCfg = Release|Any CPU
		{9A63480D-AE1B-485B-A813-9F0E50FD7BC7}.Release|Any CPU.Build.0 = Release|Any CPU
		{3BEC5F87-83DA-4790-B412-1B2AC12E8368}.Debug|Any CPU.ActiveCfg = Debug|Any CPU
		{3BEC5F87-83DA-4790-B412-1B2AC12E8368}.Debug|Any CPU.Build.0 = Debug|Any CPU
		{3BEC5F87-83DA-4790-B412-1B2AC12E8368}.junfa|Any CPU.ActiveCfg = Release|Any CPU
		{3BEC5F87-83DA-4790-B412-1B2AC12E8368}.junfa|Any CPU.Build.0 = Release|Any CPU
		{3BEC5F87-83DA-4790-B412-1B2AC12E8368}.longfor|Any CPU.ActiveCfg = Release|Any CPU
		{3BEC5F87-83DA-4790-B412-1B2AC12E8368}.longfor|Any CPU.Build.0 = Release|Any CPU
		{3BEC5F87-83DA-4790-B412-1B2AC12E8368}.Release|Any CPU.ActiveCfg = Release|Any CPU
		{3BEC5F87-83DA-4790-B412-1B2AC12E8368}.Release|Any CPU.Build.0 = Release|Any CPU
		{706E4735-DB76-4359-8E2C-83AB42FC4720}.Debug|Any CPU.ActiveCfg = Debug|Any CPU
		{706E4735-DB76-4359-8E2C-83AB42FC4720}.Debug|Any CPU.Build.0 = Debug|Any CPU
		{706E4735-DB76-4359-8E2C-83AB42FC4720}.junfa|Any CPU.ActiveCfg = junfa|Any CPU
		{706E4735-DB76-4359-8E2C-83AB42FC4720}.junfa|Any CPU.Build.0 = junfa|Any CPU
		{706E4735-DB76-4359-8E2C-83AB42FC4720}.longfor|Any CPU.ActiveCfg = longfor|Any CPU
		{706E4735-DB76-4359-8E2C-83AB42FC4720}.longfor|Any CPU.Build.0 = longfor|Any CPU
		{706E4735-DB76-4359-8E2C-83AB42FC4720}.Release|Any CPU.ActiveCfg = Release|Any CPU
		{706E4735-DB76-4359-8E2C-83AB42FC4720}.Release|Any CPU.Build.0 = Release|Any CPU
		{C7B42323-11A4-4F0C-8F5F-E9FB9DBE079C}.Debug|Any CPU.ActiveCfg = Debug|Any CPU
		{C7B42323-11A4-4F0C-8F5F-E9FB9DBE079C}.Debug|Any CPU.Build.0 = Debug|Any CPU
		{C7B42323-11A4-4F0C-8F5F-E9FB9DBE079C}.junfa|Any CPU.ActiveCfg = junfa|Any CPU
		{C7B42323-11A4-4F0C-8F5F-E9FB9DBE079C}.junfa|Any CPU.Build.0 = junfa|Any CPU
		{C7B42323-11A4-4F0C-8F5F-E9FB9DBE079C}.longfor|Any CPU.ActiveCfg = longfor|Any CPU
		{C7B42323-11A4-4F0C-8F5F-E9FB9DBE079C}.longfor|Any CPU.Build.0 = longfor|Any CPU
		{C7B42323-11A4-4F0C-8F5F-E9FB9DBE079C}.Release|Any CPU.ActiveCfg = Release|Any CPU
		{C7B42323-11A4-4F0C-8F5F-E9FB9DBE079C}.Release|Any CPU.Build.0 = Release|Any CPU
		{9073B99C-92F4-4BA7-9089-128241A01920}.Debug|Any CPU.ActiveCfg = Debug|Any CPU
		{9073B99C-92F4-4BA7-9089-128241A01920}.Debug|Any CPU.Build.0 = Debug|Any CPU
		{9073B99C-92F4-4BA7-9089-128241A01920}.junfa|Any CPU.ActiveCfg = junfa|Any CPU
		{9073B99C-92F4-4BA7-9089-128241A01920}.junfa|Any CPU.Build.0 = junfa|Any CPU
		{9073B99C-92F4-4BA7-9089-128241A01920}.longfor|Any CPU.ActiveCfg = longfor|Any CPU
		{9073B99C-92F4-4BA7-9089-128241A01920}.longfor|Any CPU.Build.0 = longfor|Any CPU
		{9073B99C-92F4-4BA7-9089-128241A01920}.Release|Any CPU.ActiveCfg = Release|Any CPU
		{9073B99C-92F4-4BA7-9089-128241A01920}.Release|Any CPU.Build.0 = Release|Any CPU
		{9CD9D5BA-DC38-44A9-81D8-2696AAA67E9C}.Debug|Any CPU.ActiveCfg = Debug|Any CPU
		{9CD9D5BA-DC38-44A9-81D8-2696AAA67E9C}.Debug|Any CPU.Build.0 = Debug|Any CPU
		{9CD9D5BA-DC38-44A9-81D8-2696AAA67E9C}.junfa|Any CPU.ActiveCfg = junfa|Any CPU
		{9CD9D5BA-DC38-44A9-81D8-2696AAA67E9C}.junfa|Any CPU.Build.0 = junfa|Any CPU
		{9CD9D5BA-DC38-44A9-81D8-2696AAA67E9C}.longfor|Any CPU.ActiveCfg = longfor|Any CPU
		{9CD9D5BA-DC38-44A9-81D8-2696AAA67E9C}.longfor|Any CPU.Build.0 = longfor|Any CPU
		{9CD9D5BA-DC38-44A9-81D8-2696AAA67E9C}.Release|Any CPU.ActiveCfg = Release|Any CPU
		{9CD9D5BA-DC38-44A9-81D8-2696AAA67E9C}.Release|Any CPU.Build.0 = Release|Any CPU
		{B2135273-6A03-433B-B1CE-4B73F1546141}.Debug|Any CPU.ActiveCfg = Debug|Any CPU
		{B2135273-6A03-433B-B1CE-4B73F1546141}.Debug|Any CPU.Build.0 = Debug|Any CPU
		{B2135273-6A03-433B-B1CE-4B73F1546141}.junfa|Any CPU.ActiveCfg = Release|Any CPU
		{B2135273-6A03-433B-B1CE-4B73F1546141}.junfa|Any CPU.Build.0 = Release|Any CPU
		{B2135273-6A03-433B-B1CE-4B73F1546141}.longfor|Any CPU.ActiveCfg = Release|Any CPU
		{B2135273-6A03-433B-B1CE-4B73F1546141}.longfor|Any CPU.Build.0 = Release|Any CPU
		{B2135273-6A03-433B-B1CE-4B73F1546141}.Release|Any CPU.ActiveCfg = Release|Any CPU
		{B2135273-6A03-433B-B1CE-4B73F1546141}.Release|Any CPU.Build.0 = Release|Any CPU
		{214EE227-2CEF-4062-A5AC-43FAB72AA554}.Debug|Any CPU.ActiveCfg = Debug|Any CPU
		{214EE227-2CEF-4062-A5AC-43FAB72AA554}.Debug|Any CPU.Build.0 = Debug|Any CPU
		{214EE227-2CEF-4062-A5AC-43FAB72AA554}.junfa|Any CPU.ActiveCfg = Release|Any CPU
		{214EE227-2CEF-4062-A5AC-43FAB72AA554}.junfa|Any CPU.Build.0 = Release|Any CPU
		{214EE227-2CEF-4062-A5AC-43FAB72AA554}.longfor|Any CPU.ActiveCfg = Release|Any CPU
		{214EE227-2CEF-4062-A5AC-43FAB72AA554}.longfor|Any CPU.Build.0 = Release|Any CPU
		{214EE227-2CEF-4062-A5AC-43FAB72AA554}.Release|Any CPU.ActiveCfg = Release|Any CPU
		{214EE227-2CEF-4062-A5AC-43FAB72AA554}.Release|Any CPU.Build.0 = Release|Any CPU
		{02956B66-4BBF-446D-8961-60245CE6BA10}.Debug|Any CPU.ActiveCfg = Debug|Any CPU
		{02956B66-4BBF-446D-8961-60245CE6BA10}.Debug|Any CPU.Build.0 = Debug|Any CPU
		{02956B66-4BBF-446D-8961-60245CE6BA10}.junfa|Any CPU.ActiveCfg = Release|Any CPU
		{02956B66-4BBF-446D-8961-60245CE6BA10}.junfa|Any CPU.Build.0 = Release|Any CPU
		{02956B66-4BBF-446D-8961-60245CE6BA10}.longfor|Any CPU.ActiveCfg = Release|Any CPU
		{02956B66-4BBF-446D-8961-60245CE6BA10}.longfor|Any CPU.Build.0 = Release|Any CPU
		{02956B66-4BBF-446D-8961-60245CE6BA10}.Release|Any CPU.ActiveCfg = Release|Any CPU
		{02956B66-4BBF-446D-8961-60245CE6BA10}.Release|Any CPU.Build.0 = Release|Any CPU
		{298A1C39-A186-4032-AFD1-4D40F9278182}.Debug|Any CPU.ActiveCfg = Debug|Any CPU
		{298A1C39-A186-4032-AFD1-4D40F9278182}.Debug|Any CPU.Build.0 = Debug|Any CPU
		{298A1C39-A186-4032-AFD1-4D40F9278182}.junfa|Any CPU.ActiveCfg = junfa|Any CPU
		{298A1C39-A186-4032-AFD1-4D40F9278182}.junfa|Any CPU.Build.0 = junfa|Any CPU
		{298A1C39-A186-4032-AFD1-4D40F9278182}.longfor|Any CPU.ActiveCfg = longfor|Any CPU
		{298A1C39-A186-4032-AFD1-4D40F9278182}.longfor|Any CPU.Build.0 = longfor|Any CPU
		{298A1C39-A186-4032-AFD1-4D40F9278182}.Release|Any CPU.ActiveCfg = Release|Any CPU
		{298A1C39-A186-4032-AFD1-4D40F9278182}.Release|Any CPU.Build.0 = Release|Any CPU
		{5999BC80-B981-477C-9E7E-3B978701E6EE}.Debug|Any CPU.ActiveCfg = Debug|Any CPU
		{5999BC80-B981-477C-9E7E-3B978701E6EE}.Debug|Any CPU.Build.0 = Debug|Any CPU
		{5999BC80-B981-477C-9E7E-3B978701E6EE}.junfa|Any CPU.ActiveCfg = Release|Any CPU
		{5999BC80-B981-477C-9E7E-3B978701E6EE}.junfa|Any CPU.Build.0 = Release|Any CPU
		{5999BC80-B981-477C-9E7E-3B978701E6EE}.longfor|Any CPU.ActiveCfg = Release|Any CPU
		{5999BC80-B981-477C-9E7E-3B978701E6EE}.longfor|Any CPU.Build.0 = Release|Any CPU
		{5999BC80-B981-477C-9E7E-3B978701E6EE}.Release|Any CPU.ActiveCfg = Release|Any CPU
		{5999BC80-B981-477C-9E7E-3B978701E6EE}.Release|Any CPU.Build.0 = Release|Any CPU
		{2ECD3B7B-068F-410F-8D6D-A5C6735C2AE8}.Debug|Any CPU.ActiveCfg = Debug|Any CPU
		{2ECD3B7B-068F-410F-8D6D-A5C6735C2AE8}.Debug|Any CPU.Build.0 = Debug|Any CPU
		{2ECD3B7B-068F-410F-8D6D-A5C6735C2AE8}.junfa|Any CPU.ActiveCfg = junfa|Any CPU
		{2ECD3B7B-068F-410F-8D6D-A5C6735C2AE8}.junfa|Any CPU.Build.0 = junfa|Any CPU
		{2ECD3B7B-068F-410F-8D6D-A5C6735C2AE8}.longfor|Any CPU.ActiveCfg = longfor|Any CPU
		{2ECD3B7B-068F-410F-8D6D-A5C6735C2AE8}.longfor|Any CPU.Build.0 = longfor|Any CPU
		{2ECD3B7B-068F-410F-8D6D-A5C6735C2AE8}.Release|Any CPU.ActiveCfg = Release|Any CPU
		{2ECD3B7B-068F-410F-8D6D-A5C6735C2AE8}.Release|Any CPU.Build.0 = Release|Any CPU
		{CAB0161C-DA35-4398-B831-23CBAB425731}.Debug|Any CPU.ActiveCfg = Debug|Any CPU
		{CAB0161C-DA35-4398-B831-23CBAB425731}.Debug|Any CPU.Build.0 = Debug|Any CPU
		{CAB0161C-DA35-4398-B831-23CBAB425731}.junfa|Any CPU.ActiveCfg = Release|Any CPU
		{CAB0161C-DA35-4398-B831-23CBAB425731}.junfa|Any CPU.Build.0 = Release|Any CPU
		{CAB0161C-DA35-4398-B831-23CBAB425731}.longfor|Any CPU.ActiveCfg = Release|Any CPU
		{CAB0161C-DA35-4398-B831-23CBAB425731}.longfor|Any CPU.Build.0 = Release|Any CPU
		{CAB0161C-DA35-4398-B831-23CBAB425731}.Release|Any CPU.ActiveCfg = Release|Any CPU
		{CAB0161C-DA35-4398-B831-23CBAB425731}.Release|Any CPU.Build.0 = Release|Any CPU
		{27D2AA7C-2B8D-4653-8E14-7B82CE59CBFC}.Debug|Any CPU.ActiveCfg = Debug|Any CPU
		{27D2AA7C-2B8D-4653-8E14-7B82CE59CBFC}.Debug|Any CPU.Build.0 = Debug|Any CPU
		{27D2AA7C-2B8D-4653-8E14-7B82CE59CBFC}.junfa|Any CPU.ActiveCfg = Release|Any CPU
		{27D2AA7C-2B8D-4653-8E14-7B82CE59CBFC}.junfa|Any CPU.Build.0 = Release|Any CPU
		{27D2AA7C-2B8D-4653-8E14-7B82CE59CBFC}.longfor|Any CPU.ActiveCfg = Release|Any CPU
		{27D2AA7C-2B8D-4653-8E14-7B82CE59CBFC}.longfor|Any CPU.Build.0 = Release|Any CPU
		{27D2AA7C-2B8D-4653-8E14-7B82CE59CBFC}.Release|Any CPU.ActiveCfg = Release|Any CPU
		{27D2AA7C-2B8D-4653-8E14-7B82CE59CBFC}.Release|Any CPU.Build.0 = Release|Any CPU
		{6586AF2B-587F-4BFE-A239-8469E171D0C9}.Debug|Any CPU.ActiveCfg = Debug|Any CPU
		{6586AF2B-587F-4BFE-A239-8469E171D0C9}.Debug|Any CPU.Build.0 = Debug|Any CPU
		{6586AF2B-587F-4BFE-A239-8469E171D0C9}.junfa|Any CPU.ActiveCfg = Release|Any CPU
		{6586AF2B-587F-4BFE-A239-8469E171D0C9}.junfa|Any CPU.Build.0 = Release|Any CPU
		{6586AF2B-587F-4BFE-A239-8469E171D0C9}.longfor|Any CPU.ActiveCfg = Release|Any CPU
		{6586AF2B-587F-4BFE-A239-8469E171D0C9}.longfor|Any CPU.Build.0 = Release|Any CPU
		{6586AF2B-587F-4BFE-A239-8469E171D0C9}.Release|Any CPU.ActiveCfg = Release|Any CPU
		{6586AF2B-587F-4BFE-A239-8469E171D0C9}.Release|Any CPU.Build.0 = Release|Any CPU
	EndGlobalSection
	GlobalSection(SolutionProperties) = preSolution
		HideSolutionNode = FALSE
	EndGlobalSection
	GlobalSection(NestedProjects) = preSolution
		{2F09FE39-F06B-4686-9FEF-33589C3F9625} = {51D5F130-A46C-45D7-BEE7-963A62523E5C}
		{6E2DC2C0-C5F4-4B23-AB5F-A97E6FAB8FA5} = {51D5F130-A46C-45D7-BEE7-963A62523E5C}
		{27D2AA7C-2B8D-4653-8E14-7B82CE59CBFC} = {51D5F130-A46C-45D7-BEE7-963A62523E5C}
		{B3FAB721-291B-429F-A236-C64C3B3027C7} = {8C33C41A-F042-44AA-BE7C-920E6EDCE7B7}
		{F83AF4B8-3A50-455B-A4EB-D6B040D56AB5} = {B64683C3-F1D7-438D-B7D5-94BEB71F4D3E}
		{27C0C3FA-810D-479A-ACCF-D1C44E97AC48} = {B64683C3-F1D7-438D-B7D5-94BEB71F4D3E}
		{82A5CA45-2E85-4AE7-9379-2D402D86D2EC} = {B64683C3-F1D7-438D-B7D5-94BEB71F4D3E}
		{A1F5A0D3-954F-4E7F-BB3A-59807805B0C0} = {461DD578-5E67-40C3-8054-4837D8955849}
		{10AE9F9A-C23F-44D0-9E78-B4C125597ECE} = {59EA8ECC-D830-4B6E-AD49-7A86CF5B1E7C}
		{E1B10210-6A42-4993-B383-0F6AAC255A24} = {59EA8ECC-D830-4B6E-AD49-7A86CF5B1E7C}
		{A7313F17-191C-40AA-8CFC-68F8358A8B70} = {9576A85F-90F1-44ED-8896-01D1975D9E23}
		{CF3C9D6E-78F6-434F-80F9-9E324A2975C6} = {9576A85F-90F1-44ED-8896-01D1975D9E23}
		{A634FB9B-6CAB-4759-9FA5-E76B1CC108CD} = {CF623DB7-5180-498E-83FF-44B70475DFD1}
		{9E84EFBB-32D0-4F87-BCA0-DDA6DD63C5B7} = {CF623DB7-5180-498E-83FF-44B70475DFD1}
		{C6A0F863-E3CF-40B9-93BC-A2AA03E8F65C} = {CBA58C52-6453-4C86-9F64-79BE93D69D02}
		{9A63480D-AE1B-485B-A813-9F0E50FD7BC7} = {E4292CD7-063A-4EF0-AC0C-1A5DF749769E}
		{3BEC5F87-83DA-4790-B412-1B2AC12E8368} = {88F72E1A-751A-469F-A37E-9C4BC677C696}
		{706E4735-DB76-4359-8E2C-83AB42FC4720} = {8721581B-1EA1-4D3B-B91C-A0106CFAB344}
		{C7B42323-11A4-4F0C-8F5F-E9FB9DBE079C} = {D4B5E2BB-3907-4D9A-A765-F635DB844DA4}
		{9073B99C-92F4-4BA7-9089-128241A01920} = {A0567314-1244-46A6-9ECA-5B343AAA2A70}
		{9CD9D5BA-DC38-44A9-81D8-2696AAA67E9C} = {4FF64750-F3DD-4AD0-9146-FD43998DE465}
		{298A1C39-A186-4032-AFD1-4D40F9278182} = {4FF64750-F3DD-4AD0-9146-FD43998DE465}
		{5999BC80-B981-477C-9E7E-3B978701E6EE} = {4FF64750-F3DD-4AD0-9146-FD43998DE465}
		{B2135273-6A03-433B-B1CE-4B73F1546141} = {827B9921-F857-4B42-93D0-AE4CECF53335}
		{214EE227-2CEF-4062-A5AC-43FAB72AA554} = {6F250255-78C8-4B16-9F78-2A81F0177263}
		{6586AF2B-587F-4BFE-A239-8469E171D0C9} = {6F250255-78C8-4B16-9F78-2A81F0177263}
		{02956B66-4BBF-446D-8961-60245CE6BA10} = {24DE408E-208F-4644-A92F-D7C5394B915A}
		{2ECD3B7B-068F-410F-8D6D-A5C6735C2AE8} = {0168638D-E9D5-4A02-9B0E-C2C2C76ACA55}
		{CAB0161C-DA35-4398-B831-23CBAB425731} = {0168638D-E9D5-4A02-9B0E-C2C2C76ACA55}
	EndGlobalSection
EndGlobal
